// !$*UTF8*$!
{
	archiveVersion = 1;
	classes = {
	};
	objectVersion = 50;
	objects = {

/* Begin PBXBuildFile section */
		A475D0DE24D3D75C00D73300 /* AppDelegate.swift in Sources */ = {isa = PBXBuildFile; fileRef = A475D0DD24D3D75C00D73300 /* AppDelegate.swift */; };
		A475D0E024D3D75C00D73300 /* SceneDelegate.swift in Sources */ = {isa = PBXBuildFile; fileRef = A475D0DF24D3D75C00D73300 /* SceneDelegate.swift */; };
		A475D0E224D3D75C00D73300 /* ViewController.swift in Sources */ = {isa = PBXBuildFile; fileRef = A475D0E124D3D75C00D73300 /* ViewController.swift */; };
		A475D0E524D3D75C00D73300 /* Main.storyboard in Resources */ = {isa = PBXBuildFile; fileRef = A475D0E324D3D75C00D73300 /* Main.storyboard */; };
		A475D0E724D3D75D00D73300 /* Assets.xcassets in Resources */ = {isa = PBXBuildFile; fileRef = A475D0E624D3D75D00D73300 /* Assets.xcassets */; };
		A475D0EA24D3D75D00D73300 /* LaunchScreen.storyboard in Resources */ = {isa = PBXBuildFile; fileRef = A475D0E824D3D75D00D73300 /* LaunchScreen.storyboard */; };
		A475D0F224D3D86400D73300 /* SettingsViewController.swift in Sources */ = {isa = PBXBuildFile; fileRef = A475D0F124D3D86400D73300 /* SettingsViewController.swift */; };
/* End PBXBuildFile section */

/* Begin PBXFileReference section */
		A475D0DA24D3D75C00D73300 /* UserDefaultsExercise.app */ = {isa = PBXFileReference; explicitFileType = wrapper.application; includeInIndex = 0; path = UserDefaultsExercise.app; sourceTree = BUILT_PRODUCTS_DIR; };
		A475D0DD24D3D75C00D73300 /* AppDelegate.swift */ = {isa = PBXFileReference; lastKnownFileType = sourcecode.swift; path = AppDelegate.swift; sourceTree = "<group>"; };
		A475D0DF24D3D75C00D73300 /* SceneDelegate.swift */ = {isa = PBXFileReference; lastKnownFileType = sourcecode.swift; path = SceneDelegate.swift; sourceTree = "<group>"; };
		A475D0E124D3D75C00D73300 /* ViewController.swift */ = {isa = PBXFileReference; lastKnownFileType = sourcecode.swift; path = ViewController.swift; sourceTree = "<group>"; };
		A475D0E424D3D75C00D73300 /* Base */ = {isa = PBXFileReference; lastKnownFileType = file.storyboard; name = Base; path = Base.lproj/Main.storyboard; sourceTree = "<group>"; };
		A475D0E624D3D75D00D73300 /* Assets.xcassets */ = {isa = PBXFileReference; lastKnownFileType = folder.assetcatalog; path = Assets.xcassets; sourceTree = "<group>"; };
		A475D0E924D3D75D00D73300 /* Base */ = {isa = PBXFileReference; lastKnownFileType = file.storyboard; name = Base; path = Base.lproj/LaunchScreen.storyboard; sourceTree = "<group>"; };
		A475D0EB24D3D75D00D73300 /* Info.plist */ = {isa = PBXFileReference; lastKnownFileType = text.plist.xml; path = Info.plist; sourceTree = "<group>"; };
		A475D0F124D3D86400D73300 /* SettingsViewController.swift */ = {isa = PBXFileReference; lastKnownFileType = sourcecode.swift; path = SettingsViewController.swift; sourceTree = "<group>"; };
/* End PBXFileReference section */

/* Begin PBXFrameworksBuildPhase section */
		A475D0D724D3D75C00D73300 /* Frameworks */ = {
			isa = PBXFrameworksBuildPhase;
			buildActionMask = 2147483647;
			files = (
			);
			runOnlyForDeploymentPostprocessing = 0;
		};
/* End PBXFrameworksBuildPhase section */

/* Begin PBXGroup section */
		A475D0D124D3D75C00D73300 = {
			isa = PBXGroup;
			children = (
				A475D0DC24D3D75C00D73300 /* UserDefaultsExercise */,
				A475D0DB24D3D75C00D73300 /* Products */,
			);
			sourceTree = "<group>";
		};
		A475D0DB24D3D75C00D73300 /* Products */ = {
			isa = PBXGroup;
			children = (
				A475D0DA24D3D75C00D73300 /* UserDefaultsExercise.app */,
			);
			name = Products;
			sourceTree = "<group>";
		};
		A475D0DC24D3D75C00D73300 /* UserDefaultsExercise */ = {
			isa = PBXGroup;
			children = (
				A475D0DD24D3D75C00D73300 /* AppDelegate.swift */,
				A475D0DF24D3D75C00D73300 /* SceneDelegate.swift */,
				A475D0E124D3D75C00D73300 /* ViewController.swift */,
				A475D0F124D3D86400D73300 /* SettingsViewController.swift */,
				A475D0E324D3D75C00D73300 /* Main.storyboard */,
				A475D0E624D3D75D00D73300 /* Assets.xcassets */,
				A475D0E824D3D75D00D73300 /* LaunchScreen.storyboard */,
				A475D0EB24D3D75D00D73300 /* Info.plist */,
			);
			path = UserDefaultsExercise;
			sourceTree = "<group>";
		};
/* End PBXGroup section */

/* Begin PBXNativeTarget section */
		A475D0D924D3D75C00D73300 /* UserDefaultsExercise */ = {
			isa = PBXNativeTarget;
			buildConfigurationList = A475D0EE24D3D75D00D73300 /* Build configuration list for PBXNativeTarget "UserDefaultsExercise" */;
			buildPhases = (
				A475D0D624D3D75C00D73300 /* Sources */,
				A475D0D724D3D75C00D73300 /* Frameworks */,
				A475D0D824D3D75C00D73300 /* Resources */,
			);
			buildRules = (
			);
			dependencies = (
			);
			name = UserDefaultsExercise;
			productName = UserDefaultsExercise;
			productReference = A475D0DA24D3D75C00D73300 /* UserDefaultsExercise.app */;
			productType = "com.apple.product-type.application";
		};
/* End PBXNativeTarget section */

/* Begin PBXProject section */
		A475D0D224D3D75C00D73300 /* Project object */ = {
			isa = PBXProject;
			attributes = {
				LastSwiftUpdateCheck = 1160;
				LastUpgradeCheck = 1160;
				ORGANIZATIONNAME = "Aaron Lee";
				TargetAttributes = {
					A475D0D924D3D75C00D73300 = {
						CreatedOnToolsVersion = 11.6;
					};
				};
			};
			buildConfigurationList = A475D0D524D3D75C00D73300 /* Build configuration list for PBXProject "UserDefaultsExercise" */;
			compatibilityVersion = "Xcode 9.3";
			developmentRegion = en;
			hasScannedForEncodings = 0;
			knownRegions = (
				en,
				Base,
			);
			mainGroup = A475D0D124D3D75C00D73300;
			productRefGroup = A475D0DB24D3D75C00D73300 /* Products */;
			projectDirPath = "";
			projectRoot = "";
			targets = (
				A475D0D924D3D75C00D73300 /* UserDefaultsExercise */,
			);
		};
/* End PBXProject section */

/* Begin PBXResourcesBuildPhase section */
		A475D0D824D3D75C00D73300 /* Resources */ = {
			isa = PBXResourcesBuildPhase;
			buildActionMask = 2147483647;
			files = (
				A475D0EA24D3D75D00D73300 /* LaunchScreen.storyboard in Resources */,
				A475D0E724D3D75D00D73300 /* Assets.xcassets in Resources */,
				A475D0E524D3D75C00D73300 /* Main.storyboard in Resources */,
			);
			runOnlyForDeploymentPostprocessing = 0;
		};
/* End PBXResourcesBuildPhase section */

/* Begin PBXSourcesBuildPhase section */
		A475D0D624D3D75C00D73300 /* Sources */ = {
			isa = PBXSourcesBuildPhase;
			buildActionMask = 2147483647;
			files = (
				A475D0E224D3D75C00D73300 /* ViewController.swift in Sources */,
				A475D0DE24D3D75C00D73300 /* AppDelegate.swift in Sources */,
				A475D0E024D3D75C00D73300 /* SceneDelegate.swift in Sources */,
				A475D0F224D3D86400D73300 /* SettingsViewController.swift in Sources */,
			);
			runOnlyForDeploymentPostprocessing = 0;
		};
/* End PBXSourcesBuildPhase section */

/* Begin PBXVariantGroup section */
		A475D0E324D3D75C00D73300 /* Main.storyboard */ = {
			isa = PBXVariantGroup;
			children = (
				A475D0E424D3D75C00D73300 /* Base */,
			);
			name = Main.storyboard;
			sourceTree = "<group>";
		};
		A475D0E824D3D75D00D73300 /* LaunchScreen.storyboard */ = {
			isa = PBXVariantGroup;
			children = (
				A475D0E924D3D75D00D73300 /* Base */,
			);
			name = LaunchScreen.storyboard;
			sourceTree = "<group>";
		};
/* End PBXVariantGroup section */

/* Begin XCBuildConfiguration section */
		A475D0EC24D3D75D00D73300 /* Debug */ = {
			isa = XCBuildConfiguration;
			buildSettings = {
				ALWAYS_SEARCH_USER_PATHS = NO;
				CLANG_ANALYZER_NONNULL = YES;
				CLANG_ANALYZER_NUMBER_OBJECT_CONVERSION = YES_AGGRESSIVE;
				CLANG_CXX_LANGUAGE_STANDARD = "gnu++14";
				CLANG_CXX_LIBRARY = "libc++";
				CLANG_ENABLE_MODULES = YES;
				CLANG_ENABLE_OBJC_ARC = YES;
				CLANG_ENABLE_OBJC_WEAK = YES;
				CLANG_WARN_BLOCK_CAPTURE_AUTORELEASING = YES;
				CLANG_WARN_BOOL_CONVERSION = YES;
				CLANG_WARN_COMMA = YES;
				CLANG_WARN_CONSTANT_CONVERSION = YES;
				CLANG_WARN_DEPRECATED_OBJC_IMPLEMENTATIONS = YES;
				CLANG_WARN_DIRECT_OBJC_ISA_USAGE = YES_ERROR;
				CLANG_WARN_DOCUMENTATION_COMMENTS = YES;
				CLANG_WARN_EMPTY_BODY = YES;
				CLANG_WARN_ENUM_CONVERSION = YES;
				CLANG_WARN_INFINITE_RECURSION = YES;
				CLANG_WARN_INT_CONVERSION = YES;
				CLANG_WARN_NON_LITERAL_NULL_CONVERSION = YES;
				CLANG_WARN_OBJC_IMPLICIT_RETAIN_SELF = YES;
				CLANG_WARN_OBJC_LITERAL_CONVERSION = YES;
				CLANG_WARN_OBJC_ROOT_CLASS = YES_ERROR;
				CLANG_WARN_RANGE_LOOP_ANALYSIS = YES;
				CLANG_WARN_STRICT_PROTOTYPES = YES;
				CLANG_WARN_SUSPICIOUS_MOVE = YES;
				CLANG_WARN_UNGUARDED_AVAILABILITY = YES_AGGRESSIVE;
				CLANG_WARN_UNREACHABLE_CODE = YES;
				CLANG_WARN__DUPLICATE_METHOD_MATCH = YES;
				COPY_PHASE_STRIP = NO;
				DEBUG_INFORMATION_FORMAT = dwarf;
				ENABLE_STRICT_OBJC_MSGSEND = YES;
				ENABLE_TESTABILITY = YES;
				GCC_C_LANGUAGE_STANDARD = gnu11;
				GCC_DYNAMIC_NO_PIC = NO;
				GCC_NO_COMMON_BLOCKS = YES;
				GCC_OPTIMIZATION_LEVEL = 0;
				GCC_PREPROCESSOR_DEFINITIONS = (
					"DEBUG=1",
					"$(inherited)",
				);
				GCC_WARN_64_TO_32_BIT_CONVERSION = YES;
				GCC_WARN_ABOUT_RETURN_TYPE = YES_ERROR;
				GCC_WARN_UNDECLARED_SELECTOR = YES;
				GCC_WARN_UNINITIALIZED_AUTOS = YES_AGGRESSIVE;
				GCC_WARN_UNUSED_FUNCTION = YES;
				GCC_WARN_UNUSED_VARIABLE = YES;
				IPHONEOS_DEPLOYMENT_TARGET = 13.6;
				MTL_ENABLE_DEBUG_INFO = INCLUDE_SOURCE;
				MTL_FAST_MATH = YES;
				ONLY_ACTIVE_ARCH = YES;
				SDKROOT = iphoneos;
				SWIFT_ACTIVE_COMPILATION_CONDITIONS = DEBUG;
				SWIFT_OPTIMIZATION_LEVEL = "-Onone";
			};
			name = Debug;
		};
		A475D0ED24D3D75D00D73300 /* Release */ = {
			isa = XCBuildConfiguration;
			buildSettings = {
				ALWAYS_SEARCH_USER_PATHS = NO;
				CLANG_ANALYZER_NONNULL = YES;
				CLANG_ANALYZER_NUMBER_OBJECT_CONVERSION = YES_AGGRESSIVE;
				CLANG_CXX_LANGUAGE_STANDARD = "gnu++14";
				CLANG_CXX_LIBRARY = "libc++";
				CLANG_ENABLE_MODULES = YES;
				CLANG_ENABLE_OBJC_ARC = YES;
				CLANG_ENABLE_OBJC_WEAK = YES;
				CLANG_WARN_BLOCK_CAPTURE_AUTORELEASING = YES;
				CLANG_WARN_BOOL_CONVERSION = YES;
				CLANG_WARN_COMMA = YES;
				CLANG_WARN_CONSTANT_CONVERSION = YES;
				CLANG_WARN_DEPRECATED_OBJC_IMPLEMENTATIONS = YES;
				CLANG_WARN_DIRECT_OBJC_ISA_USAGE = YES_ERROR;
				CLANG_WARN_DOCUMENTATION_COMMENTS = YES;
				CLANG_WARN_EMPTY_BODY = YES;
				CLANG_WARN_ENUM_CONVERSION = YES;
				CLANG_WARN_INFINITE_RECURSION = YES;
				CLANG_WARN_INT_CONVERSION = YES;
				CLANG_WARN_NON_LITERAL_NULL_CONVERSION = YES;
				CLANG_WARN_OBJC_IMPLICIT_RETAIN_SELF = YES;
				CLANG_WARN_OBJC_LITERAL_CONVERSION = YES;
				CLANG_WARN_OBJC_ROOT_CLASS = YES_ERROR;
				CLANG_WARN_RANGE_LOOP_ANALYSIS = YES;
				CLANG_WARN_STRICT_PROTOTYPES = YES;
				CLANG_WARN_SUSPICIOUS_MOVE = YES;
				CLANG_WARN_UNGUARDED_AVAILABILITY = YES_AGGRESSIVE;
				CLANG_WARN_UNREACHABLE_CODE = YES;
				CLANG_WARN__DUPLICATE_METHOD_MATCH = YES;
				COPY_PHASE_STRIP = NO;
				DEBUG_INFORMATION_FORMAT = "dwarf-with-dsym";
				ENABLE_NS_ASSERTIONS = NO;
				ENABLE_STRICT_OBJC_MSGSEND = YES;
				GCC_C_LANGUAGE_STANDARD = gnu11;
				GCC_NO_COMMON_BLOCKS = YES;
				GCC_WARN_64_TO_32_BIT_CONVERSION = YES;
				GCC_WARN_ABOUT_RETURN_TYPE = YES_ERROR;
				GCC_WARN_UNDECLARED_SELECTOR = YES;
				GCC_WARN_UNINITIALIZED_AUTOS = YES_AGGRESSIVE;
				GCC_WARN_UNUSED_FUNCTION = YES;
				GCC_WARN_UNUSED_VARIABLE = YES;
				IPHONEOS_DEPLOYMENT_TARGET = 13.6;
				MTL_ENABLE_DEBUG_INFO = NO;
				MTL_FAST_MATH = YES;
				SDKROOT = iphoneos;
				SWIFT_COMPILATION_MODE = wholemodule;
				SWIFT_OPTIMIZATION_LEVEL = "-O";
				VALIDATE_PRODUCT = YES;
			};
			name = Release;
		};
		A475D0EF24D3D75D00D73300 /* Debug */ = {
			isa = XCBuildConfiguration;
			buildSettings = {
				ASSETCATALOG_COMPILER_APPICON_NAME = AppIcon;
				CODE_SIGN_STYLE = Automatic;
				DEVELOPMENT_TEAM = 6U769Q36UT;
				INFOPLIST_FILE = UserDefaultsExercise/Info.plist;
				LD_RUNPATH_SEARCH_PATHS = (
					"$(inherited)",
					"@executable_path/Frameworks",
				);
				PRODUCT_BUNDLE_IDENTIFIER = com.aaronlab.UserDefaultsExercise;
				PRODUCT_NAME = "$(TARGET_NAME)";
				SWIFT_VERSION = 5.0;
				TARGETED_DEVICE_FAMILY = "1,2";
			};
			name = Debug;
		};
		A475D0F024D3D75D00D73300 /* Release */ = {
			isa = XCBuildConfiguration;
			buildSettings = {
				ASSETCATALOG_COMPILER_APPICON_NAME = AppIcon;
				CODE_SIGN_STYLE = Automatic;
				DEVELOPMENT_TEAM = 6U769Q36UT;
				INFOPLIST_FILE = UserDefaultsExercise/Info.plist;
				LD_RUNPATH_SEARCH_PATHS = (
					"$(inherited)",
					"@executable_path/Frameworks",
				);
				PRODUCT_BUNDLE_IDENTIFIER = com.aaronlab.UserDefaultsExercise;
				PRODUCT_NAME = "$(TARGET_NAME)";
				SWIFT_VERSION = 5.0;
				TARGETED_DEVICE_FAMILY = "1,2";
			};
			name = Release;
		};
/* End XCBuildConfiguration section */

/* Begin XCConfigurationList section */
		A475D0D524D3D75C00D73300 /* Build configuration list for PBXProject "UserDefaultsExercise" */ = {
			isa = XCConfigurationList;
			buildConfigurations = (
				A475D0EC24D3D75D00D73300 /* Debug */,
				A475D0ED24D3D75D00D73300 /* Release */,
			);
			defaultConfigurationIsVisible = 0;
			defaultConfigurationName = Release;
		};
		A475D0EE24D3D75D00D73300 /* Build configuration list for PBXNativeTarget "UserDefaultsExercise" */ = {
			isa = XCConfigurationList;
			buildConfigurations = (
				A475D0EF24D3D75D00D73300 /* Debug */,
				A475D0F024D3D75D00D73300 /* Release */,
			);
			defaultConfigurationIsVisible = 0;
			defaultConfigurationName = Release;
		};
/* End XCConfigurationList section */
	};
	rootObject = A475D0D224D3D75C00D73300 /* Project object */;
}
