// !$*UTF8*$!
{
	archiveVersion = 1;
	classes = {
	};
	objectVersion = 50;
	objects = {

/* Begin PBXBuildFile section */
		A4920B3024C5B83F005FD213 /* AppDelegate.swift in Sources */ = {isa = PBXBuildFile; fileRef = A4920B2F24C5B83F005FD213 /* AppDelegate.swift */; };
		A4920B3224C5B83F005FD213 /* SceneDelegate.swift in Sources */ = {isa = PBXBuildFile; fileRef = A4920B3124C5B83F005FD213 /* SceneDelegate.swift */; };
		A4920B3424C5B83F005FD213 /* ViewController.swift in Sources */ = {isa = PBXBuildFile; fileRef = A4920B3324C5B83F005FD213 /* ViewController.swift */; };
		A4920B3724C5B83F005FD213 /* Main.storyboard in Resources */ = {isa = PBXBuildFile; fileRef = A4920B3524C5B83F005FD213 /* Main.storyboard */; };
		A4920B3924C5B840005FD213 /* Assets.xcassets in Resources */ = {isa = PBXBuildFile; fileRef = A4920B3824C5B840005FD213 /* Assets.xcassets */; };
		A4920B3C24C5B840005FD213 /* LaunchScreen.storyboard in Resources */ = {isa = PBXBuildFile; fileRef = A4920B3A24C5B840005FD213 /* LaunchScreen.storyboard */; };
/* End PBXBuildFile section */

/* Begin PBXFileReference section */
		A4920B2C24C5B83F005FD213 /* CameraPhotoLibraryExercise.app */ = {isa = PBXFileReference; explicitFileType = wrapper.application; includeInIndex = 0; path = CameraPhotoLibraryExercise.app; sourceTree = BUILT_PRODUCTS_DIR; };
		A4920B2F24C5B83F005FD213 /* AppDelegate.swift */ = {isa = PBXFileReference; lastKnownFileType = sourcecode.swift; path = AppDelegate.swift; sourceTree = "<group>"; };
		A4920B3124C5B83F005FD213 /* SceneDelegate.swift */ = {isa = PBXFileReference; lastKnownFileType = sourcecode.swift; path = SceneDelegate.swift; sourceTree = "<group>"; };
		A4920B3324C5B83F005FD213 /* ViewController.swift */ = {isa = PBXFileReference; lastKnownFileType = sourcecode.swift; path = ViewController.swift; sourceTree = "<group>"; };
		A4920B3624C5B83F005FD213 /* Base */ = {isa = PBXFileReference; lastKnownFileType = file.storyboard; name = Base; path = Base.lproj/Main.storyboard; sourceTree = "<group>"; };
		A4920B3824C5B840005FD213 /* Assets.xcassets */ = {isa = PBXFileReference; lastKnownFileType = folder.assetcatalog; path = Assets.xcassets; sourceTree = "<group>"; };
		A4920B3B24C5B840005FD213 /* Base */ = {isa = PBXFileReference; lastKnownFileType = file.storyboard; name = Base; path = Base.lproj/LaunchScreen.storyboard; sourceTree = "<group>"; };
		A4920B3D24C5B840005FD213 /* Info.plist */ = {isa = PBXFileReference; lastKnownFileType = text.plist.xml; path = Info.plist; sourceTree = "<group>"; };
/* End PBXFileReference section */

/* Begin PBXFrameworksBuildPhase section */
		A4920B2924C5B83F005FD213 /* Frameworks */ = {
			isa = PBXFrameworksBuildPhase;
			buildActionMask = 2147483647;
			files = (
			);
			runOnlyForDeploymentPostprocessing = 0;
		};
/* End PBXFrameworksBuildPhase section */

/* Begin PBXGroup section */
		A4920B2324C5B83F005FD213 = {
			isa = PBXGroup;
			children = (
				A4920B2E24C5B83F005FD213 /* CameraPhotoLibrary */,
				A4920B2D24C5B83F005FD213 /* Products */,
			);
			sourceTree = "<group>";
		};
		A4920B2D24C5B83F005FD213 /* Products */ = {
			isa = PBXGroup;
			children = (
				A4920B2C24C5B83F005FD213 /* CameraPhotoLibraryExercise.app */,
			);
			name = Products;
			sourceTree = "<group>";
		};
		A4920B2E24C5B83F005FD213 /* CameraPhotoLibrary */ = {
			isa = PBXGroup;
			children = (
				A4920B2F24C5B83F005FD213 /* AppDelegate.swift */,
				A4920B3124C5B83F005FD213 /* SceneDelegate.swift */,
				A4920B3324C5B83F005FD213 /* ViewController.swift */,
				A4920B3524C5B83F005FD213 /* Main.storyboard */,
				A4920B3824C5B840005FD213 /* Assets.xcassets */,
				A4920B3A24C5B840005FD213 /* LaunchScreen.storyboard */,
				A4920B3D24C5B840005FD213 /* Info.plist */,
			);
			path = CameraPhotoLibrary;
			sourceTree = "<group>";
		};
/* End PBXGroup section */

/* Begin PBXNativeTarget section */
		A4920B2B24C5B83F005FD213 /* CameraPhotoLibrary */ = {
			isa = PBXNativeTarget;
			buildConfigurationList = A4920B4024C5B840005FD213 /* Build configuration list for PBXNativeTarget "CameraPhotoLibrary" */;
			buildPhases = (
				A4920B2824C5B83F005FD213 /* Sources */,
				A4920B2924C5B83F005FD213 /* Frameworks */,
				A4920B2A24C5B83F005FD213 /* Resources */,
			);
			buildRules = (
			);
			dependencies = (
			);
			name = CameraPhotoLibrary;
			productName = CameraPhotoLibrary;
			productReference = A4920B2C24C5B83F005FD213 /* CameraPhotoLibraryExercise.app */;
			productType = "com.apple.product-type.application";
		};
/* End PBXNativeTarget section */

/* Begin PBXProject section */
		A4920B2424C5B83F005FD213 /* Project object */ = {
			isa = PBXProject;
			attributes = {
				LastSwiftUpdateCheck = 1160;
				LastUpgradeCheck = 1160;
				ORGANIZATIONNAME = "Aaron Lee";
				TargetAttributes = {
					A4920B2B24C5B83F005FD213 = {
						CreatedOnToolsVersion = 11.6;
					};
				};
			};
			buildConfigurationList = A4920B2724C5B83F005FD213 /* Build configuration list for PBXProject "CameraPhotoLibrary" */;
			compatibilityVersion = "Xcode 9.3";
			developmentRegion = en;
			hasScannedForEncodings = 0;
			knownRegions = (
				en,
				Base,
			);
			mainGroup = A4920B2324C5B83F005FD213;
			productRefGroup = A4920B2D24C5B83F005FD213 /* Products */;
			projectDirPath = "";
			projectRoot = "";
			targets = (
				A4920B2B24C5B83F005FD213 /* CameraPhotoLibrary */,
			);
		};
/* End PBXProject section */

/* Begin PBXResourcesBuildPhase section */
		A4920B2A24C5B83F005FD213 /* Resources */ = {
			isa = PBXResourcesBuildPhase;
			buildActionMask = 2147483647;
			files = (
				A4920B3C24C5B840005FD213 /* LaunchScreen.storyboard in Resources */,
				A4920B3924C5B840005FD213 /* Assets.xcassets in Resources */,
				A4920B3724C5B83F005FD213 /* Main.storyboard in Resources */,
			);
			runOnlyForDeploymentPostprocessing = 0;
		};
/* End PBXResourcesBuildPhase section */

/* Begin PBXSourcesBuildPhase section */
		A4920B2824C5B83F005FD213 /* Sources */ = {
			isa = PBXSourcesBuildPhase;
			buildActionMask = 2147483647;
			files = (
				A4920B3424C5B83F005FD213 /* ViewController.swift in Sources */,
				A4920B3024C5B83F005FD213 /* AppDelegate.swift in Sources */,
				A4920B3224C5B83F005FD213 /* SceneDelegate.swift in Sources */,
			);
			runOnlyForDeploymentPostprocessing = 0;
		};
/* End PBXSourcesBuildPhase section */

/* Begin PBXVariantGroup section */
		A4920B3524C5B83F005FD213 /* Main.storyboard */ = {
			isa = PBXVariantGroup;
			children = (
				A4920B3624C5B83F005FD213 /* Base */,
			);
			name = Main.storyboard;
			sourceTree = "<group>";
		};
		A4920B3A24C5B840005FD213 /* LaunchScreen.storyboard */ = {
			isa = PBXVariantGroup;
			children = (
				A4920B3B24C5B840005FD213 /* Base */,
			);
			name = LaunchScreen.storyboard;
			sourceTree = "<group>";
		};
/* End PBXVariantGroup section */

/* Begin XCBuildConfiguration section */
		A4920B3E24C5B840005FD213 /* Debug */ = {
			isa = XCBuildConfiguration;
			buildSettings = {
				ALWAYS_SEARCH_USER_PATHS = NO;
				CLANG_ANALYZER_NONNULL = YES;
				CLANG_ANALYZER_NUMBER_OBJECT_CONVERSION = YES_AGGRESSIVE;
				CLANG_CXX_LANGUAGE_STANDARD = "gnu++14";
				CLANG_CXX_LIBRARY = "libc++";
				CLANG_ENABLE_MODULES = YES;
				CLANG_ENABLE_OBJC_ARC = YES;
				CLANG_ENABLE_OBJC_WEAK = YES;
				CLANG_WARN_BLOCK_CAPTURE_AUTORELEASING = YES;
				CLANG_WARN_BOOL_CONVERSION = YES;
				CLANG_WARN_COMMA = YES;
				CLANG_WARN_CONSTANT_CONVERSION = YES;
				CLANG_WARN_DEPRECATED_OBJC_IMPLEMENTATIONS = YES;
				CLANG_WARN_DIRECT_OBJC_ISA_USAGE = YES_ERROR;
				CLANG_WARN_DOCUMENTATION_COMMENTS = YES;
				CLANG_WARN_EMPTY_BODY = YES;
				CLANG_WARN_ENUM_CONVERSION = YES;
				CLANG_WARN_INFINITE_RECURSION = YES;
				CLANG_WARN_INT_CONVERSION = YES;
				CLANG_WARN_NON_LITERAL_NULL_CONVERSION = YES;
				CLANG_WARN_OBJC_IMPLICIT_RETAIN_SELF = YES;
				CLANG_WARN_OBJC_LITERAL_CONVERSION = YES;
				CLANG_WARN_OBJC_ROOT_CLASS = YES_ERROR;
				CLANG_WARN_RANGE_LOOP_ANALYSIS = YES;
				CLANG_WARN_STRICT_PROTOTYPES = YES;
				CLANG_WARN_SUSPICIOUS_MOVE = YES;
				CLANG_WARN_UNGUARDED_AVAILABILITY = YES_AGGRESSIVE;
				CLANG_WARN_UNREACHABLE_CODE = YES;
				CLANG_WARN__DUPLICATE_METHOD_MATCH = YES;
				COPY_PHASE_STRIP = NO;
				DEBUG_INFORMATION_FORMAT = dwarf;
				ENABLE_STRICT_OBJC_MSGSEND = YES;
				ENABLE_TESTABILITY = YES;
				GCC_C_LANGUAGE_STANDARD = gnu11;
				GCC_DYNAMIC_NO_PIC = NO;
				GCC_NO_COMMON_BLOCKS = YES;
				GCC_OPTIMIZATION_LEVEL = 0;
				GCC_PREPROCESSOR_DEFINITIONS = (
					"DEBUG=1",
					"$(inherited)",
				);
				GCC_WARN_64_TO_32_BIT_CONVERSION = YES;
				GCC_WARN_ABOUT_RETURN_TYPE = YES_ERROR;
				GCC_WARN_UNDECLARED_SELECTOR = YES;
				GCC_WARN_UNINITIALIZED_AUTOS = YES_AGGRESSIVE;
				GCC_WARN_UNUSED_FUNCTION = YES;
				GCC_WARN_UNUSED_VARIABLE = YES;
				IPHONEOS_DEPLOYMENT_TARGET = 13.6;
				MTL_ENABLE_DEBUG_INFO = INCLUDE_SOURCE;
				MTL_FAST_MATH = YES;
				ONLY_ACTIVE_ARCH = YES;
				SDKROOT = iphoneos;
				SWIFT_ACTIVE_COMPILATION_CONDITIONS = DEBUG;
				SWIFT_OPTIMIZATION_LEVEL = "-Onone";
			};
			name = Debug;
		};
		A4920B3F24C5B840005FD213 /* Release */ = {
			isa = XCBuildConfiguration;
			buildSettings = {
				ALWAYS_SEARCH_USER_PATHS = NO;
				CLANG_ANALYZER_NONNULL = YES;
				CLANG_ANALYZER_NUMBER_OBJECT_CONVERSION = YES_AGGRESSIVE;
				CLANG_CXX_LANGUAGE_STANDARD = "gnu++14";
				CLANG_CXX_LIBRARY = "libc++";
				CLANG_ENABLE_MODULES = YES;
				CLANG_ENABLE_OBJC_ARC = YES;
				CLANG_ENABLE_OBJC_WEAK = YES;
				CLANG_WARN_BLOCK_CAPTURE_AUTORELEASING = YES;
				CLANG_WARN_BOOL_CONVERSION = YES;
				CLANG_WARN_COMMA = YES;
				CLANG_WARN_CONSTANT_CONVERSION = YES;
				CLANG_WARN_DEPRECATED_OBJC_IMPLEMENTATIONS = YES;
				CLANG_WARN_DIRECT_OBJC_ISA_USAGE = YES_ERROR;
				CLANG_WARN_DOCUMENTATION_COMMENTS = YES;
				CLANG_WARN_EMPTY_BODY = YES;
				CLANG_WARN_ENUM_CONVERSION = YES;
				CLANG_WARN_INFINITE_RECURSION = YES;
				CLANG_WARN_INT_CONVERSION = YES;
				CLANG_WARN_NON_LITERAL_NULL_CONVERSION = YES;
				CLANG_WARN_OBJC_IMPLICIT_RETAIN_SELF = YES;
				CLANG_WARN_OBJC_LITERAL_CONVERSION = YES;
				CLANG_WARN_OBJC_ROOT_CLASS = YES_ERROR;
				CLANG_WARN_RANGE_LOOP_ANALYSIS = YES;
				CLANG_WARN_STRICT_PROTOTYPES = YES;
				CLANG_WARN_SUSPICIOUS_MOVE = YES;
				CLANG_WARN_UNGUARDED_AVAILABILITY = YES_AGGRESSIVE;
				CLANG_WARN_UNREACHABLE_CODE = YES;
				CLANG_WARN__DUPLICATE_METHOD_MATCH = YES;
				COPY_PHASE_STRIP = NO;
				DEBUG_INFORMATION_FORMAT = "dwarf-with-dsym";
				ENABLE_NS_ASSERTIONS = NO;
				ENABLE_STRICT_OBJC_MSGSEND = YES;
				GCC_C_LANGUAGE_STANDARD = gnu11;
				GCC_NO_COMMON_BLOCKS = YES;
				GCC_WARN_64_TO_32_BIT_CONVERSION = YES;
				GCC_WARN_ABOUT_RETURN_TYPE = YES_ERROR;
				GCC_WARN_UNDECLARED_SELECTOR = YES;
				GCC_WARN_UNINITIALIZED_AUTOS = YES_AGGRESSIVE;
				GCC_WARN_UNUSED_FUNCTION = YES;
				GCC_WARN_UNUSED_VARIABLE = YES;
				IPHONEOS_DEPLOYMENT_TARGET = 13.6;
				MTL_ENABLE_DEBUG_INFO = NO;
				MTL_FAST_MATH = YES;
				SDKROOT = iphoneos;
				SWIFT_COMPILATION_MODE = wholemodule;
				SWIFT_OPTIMIZATION_LEVEL = "-O";
				VALIDATE_PRODUCT = YES;
			};
			name = Release;
		};
		A4920B4124C5B840005FD213 /* Debug */ = {
			isa = XCBuildConfiguration;
			buildSettings = {
				ASSETCATALOG_COMPILER_APPICON_NAME = AppIcon;
				CODE_SIGN_STYLE = Automatic;
				DEVELOPMENT_TEAM = TTCZNUY7AA;
				INFOPLIST_FILE = CameraPhotoLibrary/Info.plist;
				LD_RUNPATH_SEARCH_PATHS = (
					"$(inherited)",
					"@executable_path/Frameworks",
				);
				PRODUCT_BUNDLE_IDENTIFIER = com.aaronlab.CameraPhotoLibrary;
				PRODUCT_NAME = CameraPhotoLibraryExercise;
				SWIFT_VERSION = 5.0;
				TARGETED_DEVICE_FAMILY = "1,2";
			};
			name = Debug;
		};
		A4920B4224C5B840005FD213 /* Release */ = {
			isa = XCBuildConfiguration;
			buildSettings = {
				ASSETCATALOG_COMPILER_APPICON_NAME = AppIcon;
				CODE_SIGN_STYLE = Automatic;
				DEVELOPMENT_TEAM = TTCZNUY7AA;
				INFOPLIST_FILE = CameraPhotoLibrary/Info.plist;
				LD_RUNPATH_SEARCH_PATHS = (
					"$(inherited)",
					"@executable_path/Frameworks",
				);
				PRODUCT_BUNDLE_IDENTIFIER = com.aaronlab.CameraPhotoLibrary;
				PRODUCT_NAME = CameraPhotoLibraryExercise;
				SWIFT_VERSION = 5.0;
				TARGETED_DEVICE_FAMILY = "1,2";
			};
			name = Release;
		};
/* End XCBuildConfiguration section */

/* Begin XCConfigurationList section */
		A4920B2724C5B83F005FD213 /* Build configuration list for PBXProject "CameraPhotoLibrary" */ = {
			isa = XCConfigurationList;
			buildConfigurations = (
				A4920B3E24C5B840005FD213 /* Debug */,
				A4920B3F24C5B840005FD213 /* Release */,
			);
			defaultConfigurationIsVisible = 0;
			defaultConfigurationName = Release;
		};
		A4920B4024C5B840005FD213 /* Build configuration list for PBXNativeTarget "CameraPhotoLibrary" */ = {
			isa = XCConfigurationList;
			buildConfigurations = (
				A4920B4124C5B840005FD213 /* Debug */,
				A4920B4224C5B840005FD213 /* Release */,
			);
			defaultConfigurationIsVisible = 0;
			defaultConfigurationName = Release;
		};
/* End XCConfigurationList section */
	};
	rootObject = A4920B2424C5B83F005FD213 /* Project object */;
}
