// !$*UTF8*$!
{
	archiveVersion = 1;
	classes = {
	};
	objectVersion = 50;
	objects = {

/* Begin PBXBuildFile section */
		A46390F924C2A5FD00C2F75A /* AppDelegate.swift in Sources */ = {isa = PBXBuildFile; fileRef = A46390F824C2A5FD00C2F75A /* AppDelegate.swift */; };
		A46390FB24C2A5FD00C2F75A /* SceneDelegate.swift in Sources */ = {isa = PBXBuildFile; fileRef = A46390FA24C2A5FD00C2F75A /* SceneDelegate.swift */; };
		A46390FD24C2A5FD00C2F75A /* ViewController.swift in Sources */ = {isa = PBXBuildFile; fileRef = A46390FC24C2A5FD00C2F75A /* ViewController.swift */; };
		A463910024C2A5FD00C2F75A /* Main.storyboard in Resources */ = {isa = PBXBuildFile; fileRef = A46390FE24C2A5FD00C2F75A /* Main.storyboard */; };
		A463910224C2A5FD00C2F75A /* Assets.xcassets in Resources */ = {isa = PBXBuildFile; fileRef = A463910124C2A5FD00C2F75A /* Assets.xcassets */; };
		A463910524C2A5FD00C2F75A /* LaunchScreen.storyboard in Resources */ = {isa = PBXBuildFile; fileRef = A463910324C2A5FD00C2F75A /* LaunchScreen.storyboard */; };
		A463910D24C2A65F00C2F75A /* .gitignore in Resources */ = {isa = PBXBuildFile; fileRef = A463910C24C2A65F00C2F75A /* .gitignore */; };
		A463910F24C2A66E00C2F75A /* README.md in Resources */ = {isa = PBXBuildFile; fileRef = A463910E24C2A66E00C2F75A /* README.md */; };
		A463911224C2A6BE00C2F75A /* lamp_on.png in Resources */ = {isa = PBXBuildFile; fileRef = A463911024C2A6BD00C2F75A /* lamp_on.png */; };
		A463911324C2A6BE00C2F75A /* lamp_off.png in Resources */ = {isa = PBXBuildFile; fileRef = A463911124C2A6BD00C2F75A /* lamp_off.png */; };
/* End PBXBuildFile section */

/* Begin PBXFileReference section */
		A46390F524C2A5FD00C2F75A /* ImageView.app */ = {isa = PBXFileReference; explicitFileType = wrapper.application; includeInIndex = 0; path = ImageView.app; sourceTree = BUILT_PRODUCTS_DIR; };
		A46390F824C2A5FD00C2F75A /* AppDelegate.swift */ = {isa = PBXFileReference; lastKnownFileType = sourcecode.swift; path = AppDelegate.swift; sourceTree = "<group>"; };
		A46390FA24C2A5FD00C2F75A /* SceneDelegate.swift */ = {isa = PBXFileReference; lastKnownFileType = sourcecode.swift; path = SceneDelegate.swift; sourceTree = "<group>"; };
		A46390FC24C2A5FD00C2F75A /* ViewController.swift */ = {isa = PBXFileReference; lastKnownFileType = sourcecode.swift; path = ViewController.swift; sourceTree = "<group>"; };
		A46390FF24C2A5FD00C2F75A /* Base */ = {isa = PBXFileReference; lastKnownFileType = file.storyboard; name = Base; path = Base.lproj/Main.storyboard; sourceTree = "<group>"; };
		A463910124C2A5FD00C2F75A /* Assets.xcassets */ = {isa = PBXFileReference; lastKnownFileType = folder.assetcatalog; path = Assets.xcassets; sourceTree = "<group>"; };
		A463910424C2A5FD00C2F75A /* Base */ = {isa = PBXFileReference; lastKnownFileType = file.storyboard; name = Base; path = Base.lproj/LaunchScreen.storyboard; sourceTree = "<group>"; };
		A463910624C2A5FD00C2F75A /* Info.plist */ = {isa = PBXFileReference; lastKnownFileType = text.plist.xml; path = Info.plist; sourceTree = "<group>"; };
		A463910C24C2A65F00C2F75A /* .gitignore */ = {isa = PBXFileReference; lastKnownFileType = text; path = .gitignore; sourceTree = "<group>"; };
		A463910E24C2A66E00C2F75A /* README.md */ = {isa = PBXFileReference; lastKnownFileType = net.daringfireball.markdown; path = README.md; sourceTree = "<group>"; };
		A463911024C2A6BD00C2F75A /* lamp_on.png */ = {isa = PBXFileReference; lastKnownFileType = image.png; path = lamp_on.png; sourceTree = "<group>"; };
		A463911124C2A6BD00C2F75A /* lamp_off.png */ = {isa = PBXFileReference; lastKnownFileType = image.png; path = lamp_off.png; sourceTree = "<group>"; };
/* End PBXFileReference section */

/* Begin PBXFrameworksBuildPhase section */
		A46390F224C2A5FD00C2F75A /* Frameworks */ = {
			isa = PBXFrameworksBuildPhase;
			buildActionMask = 2147483647;
			files = (
			);
			runOnlyForDeploymentPostprocessing = 0;
		};
/* End PBXFrameworksBuildPhase section */

/* Begin PBXGroup section */
		A46390EC24C2A5FD00C2F75A = {
			isa = PBXGroup;
			children = (
				A463910E24C2A66E00C2F75A /* README.md */,
				A463910C24C2A65F00C2F75A /* .gitignore */,
				A46390F724C2A5FD00C2F75A /* ImageView */,
				A46390F624C2A5FD00C2F75A /* Products */,
			);
			sourceTree = "<group>";
		};
		A46390F624C2A5FD00C2F75A /* Products */ = {
			isa = PBXGroup;
			children = (
				A46390F524C2A5FD00C2F75A /* ImageView.app */,
			);
			name = Products;
			sourceTree = "<group>";
		};
		A46390F724C2A5FD00C2F75A /* ImageView */ = {
			isa = PBXGroup;
			children = (
				A463911124C2A6BD00C2F75A /* lamp_off.png */,
				A463911024C2A6BD00C2F75A /* lamp_on.png */,
				A46390F824C2A5FD00C2F75A /* AppDelegate.swift */,
				A46390FA24C2A5FD00C2F75A /* SceneDelegate.swift */,
				A46390FC24C2A5FD00C2F75A /* ViewController.swift */,
				A46390FE24C2A5FD00C2F75A /* Main.storyboard */,
				A463910124C2A5FD00C2F75A /* Assets.xcassets */,
				A463910324C2A5FD00C2F75A /* LaunchScreen.storyboard */,
				A463910624C2A5FD00C2F75A /* Info.plist */,
			);
			path = ImageView;
			sourceTree = "<group>";
		};
/* End PBXGroup section */

/* Begin PBXNativeTarget section */
		A46390F424C2A5FD00C2F75A /* ImageView */ = {
			isa = PBXNativeTarget;
			buildConfigurationList = A463910924C2A5FD00C2F75A /* Build configuration list for PBXNativeTarget "ImageView" */;
			buildPhases = (
				A46390F124C2A5FD00C2F75A /* Sources */,
				A46390F224C2A5FD00C2F75A /* Frameworks */,
				A46390F324C2A5FD00C2F75A /* Resources */,
			);
			buildRules = (
			);
			dependencies = (
			);
			name = ImageView;
			productName = ImageView;
			productReference = A46390F524C2A5FD00C2F75A /* ImageView.app */;
			productType = "com.apple.product-type.application";
		};
/* End PBXNativeTarget section */

/* Begin PBXProject section */
		A46390ED24C2A5FD00C2F75A /* Project object */ = {
			isa = PBXProject;
			attributes = {
				LastSwiftUpdateCheck = 1160;
				LastUpgradeCheck = 1160;
				ORGANIZATIONNAME = "Aaron Lee";
				TargetAttributes = {
					A46390F424C2A5FD00C2F75A = {
						CreatedOnToolsVersion = 11.6;
					};
				};
			};
			buildConfigurationList = A46390F024C2A5FD00C2F75A /* Build configuration list for PBXProject "ImageView" */;
			compatibilityVersion = "Xcode 9.3";
			developmentRegion = en;
			hasScannedForEncodings = 0;
			knownRegions = (
				en,
				Base,
			);
			mainGroup = A46390EC24C2A5FD00C2F75A;
			productRefGroup = A46390F624C2A5FD00C2F75A /* Products */;
			projectDirPath = "";
			projectRoot = "";
			targets = (
				A46390F424C2A5FD00C2F75A /* ImageView */,
			);
		};
/* End PBXProject section */

/* Begin PBXResourcesBuildPhase section */
		A46390F324C2A5FD00C2F75A /* Resources */ = {
			isa = PBXResourcesBuildPhase;
			buildActionMask = 2147483647;
			files = (
				A463911324C2A6BE00C2F75A /* lamp_off.png in Resources */,
				A463910D24C2A65F00C2F75A /* .gitignore in Resources */,
				A463910524C2A5FD00C2F75A /* LaunchScreen.storyboard in Resources */,
				A463911224C2A6BE00C2F75A /* lamp_on.png in Resources */,
				A463910F24C2A66E00C2F75A /* README.md in Resources */,
				A463910224C2A5FD00C2F75A /* Assets.xcassets in Resources */,
				A463910024C2A5FD00C2F75A /* Main.storyboard in Resources */,
			);
			runOnlyForDeploymentPostprocessing = 0;
		};
/* End PBXResourcesBuildPhase section */

/* Begin PBXSourcesBuildPhase section */
		A46390F124C2A5FD00C2F75A /* Sources */ = {
			isa = PBXSourcesBuildPhase;
			buildActionMask = 2147483647;
			files = (
				A46390FD24C2A5FD00C2F75A /* ViewController.swift in Sources */,
				A46390F924C2A5FD00C2F75A /* AppDelegate.swift in Sources */,
				A46390FB24C2A5FD00C2F75A /* SceneDelegate.swift in Sources */,
			);
			runOnlyForDeploymentPostprocessing = 0;
		};
/* End PBXSourcesBuildPhase section */

/* Begin PBXVariantGroup section */
		A46390FE24C2A5FD00C2F75A /* Main.storyboard */ = {
			isa = PBXVariantGroup;
			children = (
				A46390FF24C2A5FD00C2F75A /* Base */,
			);
			name = Main.storyboard;
			sourceTree = "<group>";
		};
		A463910324C2A5FD00C2F75A /* LaunchScreen.storyboard */ = {
			isa = PBXVariantGroup;
			children = (
				A463910424C2A5FD00C2F75A /* Base */,
			);
			name = LaunchScreen.storyboard;
			sourceTree = "<group>";
		};
/* End PBXVariantGroup section */

/* Begin XCBuildConfiguration section */
		A463910724C2A5FD00C2F75A /* Debug */ = {
			isa = XCBuildConfiguration;
			buildSettings = {
				ALWAYS_SEARCH_USER_PATHS = NO;
				CLANG_ANALYZER_NONNULL = YES;
				CLANG_ANALYZER_NUMBER_OBJECT_CONVERSION = YES_AGGRESSIVE;
				CLANG_CXX_LANGUAGE_STANDARD = "gnu++14";
				CLANG_CXX_LIBRARY = "libc++";
				CLANG_ENABLE_MODULES = YES;
				CLANG_ENABLE_OBJC_ARC = YES;
				CLANG_ENABLE_OBJC_WEAK = YES;
				CLANG_WARN_BLOCK_CAPTURE_AUTORELEASING = YES;
				CLANG_WARN_BOOL_CONVERSION = YES;
				CLANG_WARN_COMMA = YES;
				CLANG_WARN_CONSTANT_CONVERSION = YES;
				CLANG_WARN_DEPRECATED_OBJC_IMPLEMENTATIONS = YES;
				CLANG_WARN_DIRECT_OBJC_ISA_USAGE = YES_ERROR;
				CLANG_WARN_DOCUMENTATION_COMMENTS = YES;
				CLANG_WARN_EMPTY_BODY = YES;
				CLANG_WARN_ENUM_CONVERSION = YES;
				CLANG_WARN_INFINITE_RECURSION = YES;
				CLANG_WARN_INT_CONVERSION = YES;
				CLANG_WARN_NON_LITERAL_NULL_CONVERSION = YES;
				CLANG_WARN_OBJC_IMPLICIT_RETAIN_SELF = YES;
				CLANG_WARN_OBJC_LITERAL_CONVERSION = YES;
				CLANG_WARN_OBJC_ROOT_CLASS = YES_ERROR;
				CLANG_WARN_RANGE_LOOP_ANALYSIS = YES;
				CLANG_WARN_STRICT_PROTOTYPES = YES;
				CLANG_WARN_SUSPICIOUS_MOVE = YES;
				CLANG_WARN_UNGUARDED_AVAILABILITY = YES_AGGRESSIVE;
				CLANG_WARN_UNREACHABLE_CODE = YES;
				CLANG_WARN__DUPLICATE_METHOD_MATCH = YES;
				COPY_PHASE_STRIP = NO;
				DEBUG_INFORMATION_FORMAT = dwarf;
				ENABLE_STRICT_OBJC_MSGSEND = YES;
				ENABLE_TESTABILITY = YES;
				GCC_C_LANGUAGE_STANDARD = gnu11;
				GCC_DYNAMIC_NO_PIC = NO;
				GCC_NO_COMMON_BLOCKS = YES;
				GCC_OPTIMIZATION_LEVEL = 0;
				GCC_PREPROCESSOR_DEFINITIONS = (
					"DEBUG=1",
					"$(inherited)",
				);
				GCC_WARN_64_TO_32_BIT_CONVERSION = YES;
				GCC_WARN_ABOUT_RETURN_TYPE = YES_ERROR;
				GCC_WARN_UNDECLARED_SELECTOR = YES;
				GCC_WARN_UNINITIALIZED_AUTOS = YES_AGGRESSIVE;
				GCC_WARN_UNUSED_FUNCTION = YES;
				GCC_WARN_UNUSED_VARIABLE = YES;
				IPHONEOS_DEPLOYMENT_TARGET = 13.6;
				MTL_ENABLE_DEBUG_INFO = INCLUDE_SOURCE;
				MTL_FAST_MATH = YES;
				ONLY_ACTIVE_ARCH = YES;
				SDKROOT = iphoneos;
				SWIFT_ACTIVE_COMPILATION_CONDITIONS = DEBUG;
				SWIFT_OPTIMIZATION_LEVEL = "-Onone";
			};
			name = Debug;
		};
		A463910824C2A5FD00C2F75A /* Release */ = {
			isa = XCBuildConfiguration;
			buildSettings = {
				ALWAYS_SEARCH_USER_PATHS = NO;
				CLANG_ANALYZER_NONNULL = YES;
				CLANG_ANALYZER_NUMBER_OBJECT_CONVERSION = YES_AGGRESSIVE;
				CLANG_CXX_LANGUAGE_STANDARD = "gnu++14";
				CLANG_CXX_LIBRARY = "libc++";
				CLANG_ENABLE_MODULES = YES;
				CLANG_ENABLE_OBJC_ARC = YES;
				CLANG_ENABLE_OBJC_WEAK = YES;
				CLANG_WARN_BLOCK_CAPTURE_AUTORELEASING = YES;
				CLANG_WARN_BOOL_CONVERSION = YES;
				CLANG_WARN_COMMA = YES;
				CLANG_WARN_CONSTANT_CONVERSION = YES;
				CLANG_WARN_DEPRECATED_OBJC_IMPLEMENTATIONS = YES;
				CLANG_WARN_DIRECT_OBJC_ISA_USAGE = YES_ERROR;
				CLANG_WARN_DOCUMENTATION_COMMENTS = YES;
				CLANG_WARN_EMPTY_BODY = YES;
				CLANG_WARN_ENUM_CONVERSION = YES;
				CLANG_WARN_INFINITE_RECURSION = YES;
				CLANG_WARN_INT_CONVERSION = YES;
				CLANG_WARN_NON_LITERAL_NULL_CONVERSION = YES;
				CLANG_WARN_OBJC_IMPLICIT_RETAIN_SELF = YES;
				CLANG_WARN_OBJC_LITERAL_CONVERSION = YES;
				CLANG_WARN_OBJC_ROOT_CLASS = YES_ERROR;
				CLANG_WARN_RANGE_LOOP_ANALYSIS = YES;
				CLANG_WARN_STRICT_PROTOTYPES = YES;
				CLANG_WARN_SUSPICIOUS_MOVE = YES;
				CLANG_WARN_UNGUARDED_AVAILABILITY = YES_AGGRESSIVE;
				CLANG_WARN_UNREACHABLE_CODE = YES;
				CLANG_WARN__DUPLICATE_METHOD_MATCH = YES;
				COPY_PHASE_STRIP = NO;
				DEBUG_INFORMATION_FORMAT = "dwarf-with-dsym";
				ENABLE_NS_ASSERTIONS = NO;
				ENABLE_STRICT_OBJC_MSGSEND = YES;
				GCC_C_LANGUAGE_STANDARD = gnu11;
				GCC_NO_COMMON_BLOCKS = YES;
				GCC_WARN_64_TO_32_BIT_CONVERSION = YES;
				GCC_WARN_ABOUT_RETURN_TYPE = YES_ERROR;
				GCC_WARN_UNDECLARED_SELECTOR = YES;
				GCC_WARN_UNINITIALIZED_AUTOS = YES_AGGRESSIVE;
				GCC_WARN_UNUSED_FUNCTION = YES;
				GCC_WARN_UNUSED_VARIABLE = YES;
				IPHONEOS_DEPLOYMENT_TARGET = 13.6;
				MTL_ENABLE_DEBUG_INFO = NO;
				MTL_FAST_MATH = YES;
				SDKROOT = iphoneos;
				SWIFT_COMPILATION_MODE = wholemodule;
				SWIFT_OPTIMIZATION_LEVEL = "-O";
				VALIDATE_PRODUCT = YES;
			};
			name = Release;
		};
		A463910A24C2A5FD00C2F75A /* Debug */ = {
			isa = XCBuildConfiguration;
			buildSettings = {
				ASSETCATALOG_COMPILER_APPICON_NAME = AppIcon;
				CODE_SIGN_STYLE = Automatic;
				DEVELOPMENT_TEAM = 6U769Q36UT;
				INFOPLIST_FILE = ImageView/Info.plist;
				LD_RUNPATH_SEARCH_PATHS = (
					"$(inherited)",
					"@executable_path/Frameworks",
				);
				PRODUCT_BUNDLE_IDENTIFIER = com.aaronLab.ImageView;
				PRODUCT_NAME = "$(TARGET_NAME)";
				SWIFT_VERSION = 5.0;
				TARGETED_DEVICE_FAMILY = "1,2";
			};
			name = Debug;
		};
		A463910B24C2A5FD00C2F75A /* Release */ = {
			isa = XCBuildConfiguration;
			buildSettings = {
				ASSETCATALOG_COMPILER_APPICON_NAME = AppIcon;
				CODE_SIGN_STYLE = Automatic;
				DEVELOPMENT_TEAM = 6U769Q36UT;
				INFOPLIST_FILE = ImageView/Info.plist;
				LD_RUNPATH_SEARCH_PATHS = (
					"$(inherited)",
					"@executable_path/Frameworks",
				);
				PRODUCT_BUNDLE_IDENTIFIER = com.aaronLab.ImageView;
				PRODUCT_NAME = "$(TARGET_NAME)";
				SWIFT_VERSION = 5.0;
				TARGETED_DEVICE_FAMILY = "1,2";
			};
			name = Release;
		};
/* End XCBuildConfiguration section */

/* Begin XCConfigurationList section */
		A46390F024C2A5FD00C2F75A /* Build configuration list for PBXProject "ImageView" */ = {
			isa = XCConfigurationList;
			buildConfigurations = (
				A463910724C2A5FD00C2F75A /* Debug */,
				A463910824C2A5FD00C2F75A /* Release */,
			);
			defaultConfigurationIsVisible = 0;
			defaultConfigurationName = Release;
		};
		A463910924C2A5FD00C2F75A /* Build configuration list for PBXNativeTarget "ImageView" */ = {
			isa = XCConfigurationList;
			buildConfigurations = (
				A463910A24C2A5FD00C2F75A /* Debug */,
				A463910B24C2A5FD00C2F75A /* Release */,
			);
			defaultConfigurationIsVisible = 0;
			defaultConfigurationName = Release;
		};
/* End XCConfigurationList section */
	};
	rootObject = A46390ED24C2A5FD00C2F75A /* Project object */;
}
