// !$*UTF8*$!
{
	archiveVersion = 1;
	classes = {
	};
	objectVersion = 50;
	objects = {

/* Begin PBXBuildFile section */
		A4920B0324C5A637005FD213 /* AppDelegate.swift in Sources */ = {isa = PBXBuildFile; fileRef = A4920B0224C5A637005FD213 /* AppDelegate.swift */; };
		A4920B0524C5A637005FD213 /* SceneDelegate.swift in Sources */ = {isa = PBXBuildFile; fileRef = A4920B0424C5A637005FD213 /* SceneDelegate.swift */; };
		A4920B0724C5A637005FD213 /* ViewController.swift in Sources */ = {isa = PBXBuildFile; fileRef = A4920B0624C5A637005FD213 /* ViewController.swift */; };
		A4920B0A24C5A637005FD213 /* Main.storyboard in Resources */ = {isa = PBXBuildFile; fileRef = A4920B0824C5A637005FD213 /* Main.storyboard */; };
		A4920B0C24C5A638005FD213 /* Assets.xcassets in Resources */ = {isa = PBXBuildFile; fileRef = A4920B0B24C5A638005FD213 /* Assets.xcassets */; };
		A4920B0F24C5A638005FD213 /* LaunchScreen.storyboard in Resources */ = {isa = PBXBuildFile; fileRef = A4920B0D24C5A638005FD213 /* LaunchScreen.storyboard */; };
		A4920B1A24C5A663005FD213 /* FastTyping.jpg in Resources */ = {isa = PBXBuildFile; fileRef = A4920B1724C5A663005FD213 /* FastTyping.jpg */; };
		A4920B1B24C5A663005FD213 /* FastTyping.mp4 in Resources */ = {isa = PBXBuildFile; fileRef = A4920B1824C5A663005FD213 /* FastTyping.mp4 */; };
		A4920B1C24C5A663005FD213 /* Fireworks.jpg in Resources */ = {isa = PBXBuildFile; fileRef = A4920B1924C5A663005FD213 /* Fireworks.jpg */; };
/* End PBXBuildFile section */

/* Begin PBXFileReference section */
		A4920AFF24C5A637005FD213 /* MoviePlayer.app */ = {isa = PBXFileReference; explicitFileType = wrapper.application; includeInIndex = 0; path = MoviePlayer.app; sourceTree = BUILT_PRODUCTS_DIR; };
		A4920B0224C5A637005FD213 /* AppDelegate.swift */ = {isa = PBXFileReference; lastKnownFileType = sourcecode.swift; path = AppDelegate.swift; sourceTree = "<group>"; };
		A4920B0424C5A637005FD213 /* SceneDelegate.swift */ = {isa = PBXFileReference; lastKnownFileType = sourcecode.swift; path = SceneDelegate.swift; sourceTree = "<group>"; };
		A4920B0624C5A637005FD213 /* ViewController.swift */ = {isa = PBXFileReference; lastKnownFileType = sourcecode.swift; path = ViewController.swift; sourceTree = "<group>"; };
		A4920B0924C5A637005FD213 /* Base */ = {isa = PBXFileReference; lastKnownFileType = file.storyboard; name = Base; path = Base.lproj/Main.storyboard; sourceTree = "<group>"; };
		A4920B0B24C5A638005FD213 /* Assets.xcassets */ = {isa = PBXFileReference; lastKnownFileType = folder.assetcatalog; path = Assets.xcassets; sourceTree = "<group>"; };
		A4920B0E24C5A638005FD213 /* Base */ = {isa = PBXFileReference; lastKnownFileType = file.storyboard; name = Base; path = Base.lproj/LaunchScreen.storyboard; sourceTree = "<group>"; };
		A4920B1024C5A638005FD213 /* Info.plist */ = {isa = PBXFileReference; lastKnownFileType = text.plist.xml; path = Info.plist; sourceTree = "<group>"; };
		A4920B1724C5A663005FD213 /* FastTyping.jpg */ = {isa = PBXFileReference; lastKnownFileType = image.jpeg; path = FastTyping.jpg; sourceTree = "<group>"; };
		A4920B1824C5A663005FD213 /* FastTyping.mp4 */ = {isa = PBXFileReference; lastKnownFileType = file; path = FastTyping.mp4; sourceTree = "<group>"; };
		A4920B1924C5A663005FD213 /* Fireworks.jpg */ = {isa = PBXFileReference; lastKnownFileType = image.jpeg; path = Fireworks.jpg; sourceTree = "<group>"; };
/* End PBXFileReference section */

/* Begin PBXFrameworksBuildPhase section */
		A4920AFC24C5A637005FD213 /* Frameworks */ = {
			isa = PBXFrameworksBuildPhase;
			buildActionMask = 2147483647;
			files = (
			);
			runOnlyForDeploymentPostprocessing = 0;
		};
/* End PBXFrameworksBuildPhase section */

/* Begin PBXGroup section */
		A4920AF624C5A637005FD213 = {
			isa = PBXGroup;
			children = (
				A4920B0124C5A637005FD213 /* MoviePlayer */,
				A4920B0024C5A637005FD213 /* Products */,
			);
			sourceTree = "<group>";
		};
		A4920B0024C5A637005FD213 /* Products */ = {
			isa = PBXGroup;
			children = (
				A4920AFF24C5A637005FD213 /* MoviePlayer.app */,
			);
			name = Products;
			sourceTree = "<group>";
		};
		A4920B0124C5A637005FD213 /* MoviePlayer */ = {
			isa = PBXGroup;
			children = (
				A4920B1624C5A651005FD213 /* Resources */,
				A4920B0224C5A637005FD213 /* AppDelegate.swift */,
				A4920B0424C5A637005FD213 /* SceneDelegate.swift */,
				A4920B0624C5A637005FD213 /* ViewController.swift */,
				A4920B0824C5A637005FD213 /* Main.storyboard */,
				A4920B0B24C5A638005FD213 /* Assets.xcassets */,
				A4920B0D24C5A638005FD213 /* LaunchScreen.storyboard */,
				A4920B1024C5A638005FD213 /* Info.plist */,
			);
			path = MoviePlayer;
			sourceTree = "<group>";
		};
		A4920B1624C5A651005FD213 /* Resources */ = {
			isa = PBXGroup;
			children = (
				A4920B1724C5A663005FD213 /* FastTyping.jpg */,
				A4920B1824C5A663005FD213 /* FastTyping.mp4 */,
				A4920B1924C5A663005FD213 /* Fireworks.jpg */,
			);
			path = Resources;
			sourceTree = "<group>";
		};
/* End PBXGroup section */

/* Begin PBXNativeTarget section */
		A4920AFE24C5A637005FD213 /* MoviePlayer */ = {
			isa = PBXNativeTarget;
			buildConfigurationList = A4920B1324C5A638005FD213 /* Build configuration list for PBXNativeTarget "MoviePlayer" */;
			buildPhases = (
				A4920AFB24C5A637005FD213 /* Sources */,
				A4920AFC24C5A637005FD213 /* Frameworks */,
				A4920AFD24C5A637005FD213 /* Resources */,
			);
			buildRules = (
			);
			dependencies = (
			);
			name = MoviePlayer;
			productName = MoviePlayer;
			productReference = A4920AFF24C5A637005FD213 /* MoviePlayer.app */;
			productType = "com.apple.product-type.application";
		};
/* End PBXNativeTarget section */

/* Begin PBXProject section */
		A4920AF724C5A637005FD213 /* Project object */ = {
			isa = PBXProject;
			attributes = {
				LastSwiftUpdateCheck = 1160;
				LastUpgradeCheck = 1160;
				ORGANIZATIONNAME = "Aaron Lee";
				TargetAttributes = {
					A4920AFE24C5A637005FD213 = {
						CreatedOnToolsVersion = 11.6;
					};
				};
			};
			buildConfigurationList = A4920AFA24C5A637005FD213 /* Build configuration list for PBXProject "MoviePlayer" */;
			compatibilityVersion = "Xcode 9.3";
			developmentRegion = en;
			hasScannedForEncodings = 0;
			knownRegions = (
				en,
				Base,
			);
			mainGroup = A4920AF624C5A637005FD213;
			productRefGroup = A4920B0024C5A637005FD213 /* Products */;
			projectDirPath = "";
			projectRoot = "";
			targets = (
				A4920AFE24C5A637005FD213 /* MoviePlayer */,
			);
		};
/* End PBXProject section */

/* Begin PBXResourcesBuildPhase section */
		A4920AFD24C5A637005FD213 /* Resources */ = {
			isa = PBXResourcesBuildPhase;
			buildActionMask = 2147483647;
			files = (
				A4920B0F24C5A638005FD213 /* LaunchScreen.storyboard in Resources */,
				A4920B0C24C5A638005FD213 /* Assets.xcassets in Resources */,
				A4920B1B24C5A663005FD213 /* FastTyping.mp4 in Resources */,
				A4920B1A24C5A663005FD213 /* FastTyping.jpg in Resources */,
				A4920B1C24C5A663005FD213 /* Fireworks.jpg in Resources */,
				A4920B0A24C5A637005FD213 /* Main.storyboard in Resources */,
			);
			runOnlyForDeploymentPostprocessing = 0;
		};
/* End PBXResourcesBuildPhase section */

/* Begin PBXSourcesBuildPhase section */
		A4920AFB24C5A637005FD213 /* Sources */ = {
			isa = PBXSourcesBuildPhase;
			buildActionMask = 2147483647;
			files = (
				A4920B0724C5A637005FD213 /* ViewController.swift in Sources */,
				A4920B0324C5A637005FD213 /* AppDelegate.swift in Sources */,
				A4920B0524C5A637005FD213 /* SceneDelegate.swift in Sources */,
			);
			runOnlyForDeploymentPostprocessing = 0;
		};
/* End PBXSourcesBuildPhase section */

/* Begin PBXVariantGroup section */
		A4920B0824C5A637005FD213 /* Main.storyboard */ = {
			isa = PBXVariantGroup;
			children = (
				A4920B0924C5A637005FD213 /* Base */,
			);
			name = Main.storyboard;
			sourceTree = "<group>";
		};
		A4920B0D24C5A638005FD213 /* LaunchScreen.storyboard */ = {
			isa = PBXVariantGroup;
			children = (
				A4920B0E24C5A638005FD213 /* Base */,
			);
			name = LaunchScreen.storyboard;
			sourceTree = "<group>";
		};
/* End PBXVariantGroup section */

/* Begin XCBuildConfiguration section */
		A4920B1124C5A638005FD213 /* Debug */ = {
			isa = XCBuildConfiguration;
			buildSettings = {
				ALWAYS_SEARCH_USER_PATHS = NO;
				CLANG_ANALYZER_NONNULL = YES;
				CLANG_ANALYZER_NUMBER_OBJECT_CONVERSION = YES_AGGRESSIVE;
				CLANG_CXX_LANGUAGE_STANDARD = "gnu++14";
				CLANG_CXX_LIBRARY = "libc++";
				CLANG_ENABLE_MODULES = YES;
				CLANG_ENABLE_OBJC_ARC = YES;
				CLANG_ENABLE_OBJC_WEAK = YES;
				CLANG_WARN_BLOCK_CAPTURE_AUTORELEASING = YES;
				CLANG_WARN_BOOL_CONVERSION = YES;
				CLANG_WARN_COMMA = YES;
				CLANG_WARN_CONSTANT_CONVERSION = YES;
				CLANG_WARN_DEPRECATED_OBJC_IMPLEMENTATIONS = YES;
				CLANG_WARN_DIRECT_OBJC_ISA_USAGE = YES_ERROR;
				CLANG_WARN_DOCUMENTATION_COMMENTS = YES;
				CLANG_WARN_EMPTY_BODY = YES;
				CLANG_WARN_ENUM_CONVERSION = YES;
				CLANG_WARN_INFINITE_RECURSION = YES;
				CLANG_WARN_INT_CONVERSION = YES;
				CLANG_WARN_NON_LITERAL_NULL_CONVERSION = YES;
				CLANG_WARN_OBJC_IMPLICIT_RETAIN_SELF = YES;
				CLANG_WARN_OBJC_LITERAL_CONVERSION = YES;
				CLANG_WARN_OBJC_ROOT_CLASS = YES_ERROR;
				CLANG_WARN_RANGE_LOOP_ANALYSIS = YES;
				CLANG_WARN_STRICT_PROTOTYPES = YES;
				CLANG_WARN_SUSPICIOUS_MOVE = YES;
				CLANG_WARN_UNGUARDED_AVAILABILITY = YES_AGGRESSIVE;
				CLANG_WARN_UNREACHABLE_CODE = YES;
				CLANG_WARN__DUPLICATE_METHOD_MATCH = YES;
				COPY_PHASE_STRIP = NO;
				DEBUG_INFORMATION_FORMAT = dwarf;
				ENABLE_STRICT_OBJC_MSGSEND = YES;
				ENABLE_TESTABILITY = YES;
				GCC_C_LANGUAGE_STANDARD = gnu11;
				GCC_DYNAMIC_NO_PIC = NO;
				GCC_NO_COMMON_BLOCKS = YES;
				GCC_OPTIMIZATION_LEVEL = 0;
				GCC_PREPROCESSOR_DEFINITIONS = (
					"DEBUG=1",
					"$(inherited)",
				);
				GCC_WARN_64_TO_32_BIT_CONVERSION = YES;
				GCC_WARN_ABOUT_RETURN_TYPE = YES_ERROR;
				GCC_WARN_UNDECLARED_SELECTOR = YES;
				GCC_WARN_UNINITIALIZED_AUTOS = YES_AGGRESSIVE;
				GCC_WARN_UNUSED_FUNCTION = YES;
				GCC_WARN_UNUSED_VARIABLE = YES;
				IPHONEOS_DEPLOYMENT_TARGET = 13.6;
				MTL_ENABLE_DEBUG_INFO = INCLUDE_SOURCE;
				MTL_FAST_MATH = YES;
				ONLY_ACTIVE_ARCH = YES;
				SDKROOT = iphoneos;
				SWIFT_ACTIVE_COMPILATION_CONDITIONS = DEBUG;
				SWIFT_OPTIMIZATION_LEVEL = "-Onone";
			};
			name = Debug;
		};
		A4920B1224C5A638005FD213 /* Release */ = {
			isa = XCBuildConfiguration;
			buildSettings = {
				ALWAYS_SEARCH_USER_PATHS = NO;
				CLANG_ANALYZER_NONNULL = YES;
				CLANG_ANALYZER_NUMBER_OBJECT_CONVERSION = YES_AGGRESSIVE;
				CLANG_CXX_LANGUAGE_STANDARD = "gnu++14";
				CLANG_CXX_LIBRARY = "libc++";
				CLANG_ENABLE_MODULES = YES;
				CLANG_ENABLE_OBJC_ARC = YES;
				CLANG_ENABLE_OBJC_WEAK = YES;
				CLANG_WARN_BLOCK_CAPTURE_AUTORELEASING = YES;
				CLANG_WARN_BOOL_CONVERSION = YES;
				CLANG_WARN_COMMA = YES;
				CLANG_WARN_CONSTANT_CONVERSION = YES;
				CLANG_WARN_DEPRECATED_OBJC_IMPLEMENTATIONS = YES;
				CLANG_WARN_DIRECT_OBJC_ISA_USAGE = YES_ERROR;
				CLANG_WARN_DOCUMENTATION_COMMENTS = YES;
				CLANG_WARN_EMPTY_BODY = YES;
				CLANG_WARN_ENUM_CONVERSION = YES;
				CLANG_WARN_INFINITE_RECURSION = YES;
				CLANG_WARN_INT_CONVERSION = YES;
				CLANG_WARN_NON_LITERAL_NULL_CONVERSION = YES;
				CLANG_WARN_OBJC_IMPLICIT_RETAIN_SELF = YES;
				CLANG_WARN_OBJC_LITERAL_CONVERSION = YES;
				CLANG_WARN_OBJC_ROOT_CLASS = YES_ERROR;
				CLANG_WARN_RANGE_LOOP_ANALYSIS = YES;
				CLANG_WARN_STRICT_PROTOTYPES = YES;
				CLANG_WARN_SUSPICIOUS_MOVE = YES;
				CLANG_WARN_UNGUARDED_AVAILABILITY = YES_AGGRESSIVE;
				CLANG_WARN_UNREACHABLE_CODE = YES;
				CLANG_WARN__DUPLICATE_METHOD_MATCH = YES;
				COPY_PHASE_STRIP = NO;
				DEBUG_INFORMATION_FORMAT = "dwarf-with-dsym";
				ENABLE_NS_ASSERTIONS = NO;
				ENABLE_STRICT_OBJC_MSGSEND = YES;
				GCC_C_LANGUAGE_STANDARD = gnu11;
				GCC_NO_COMMON_BLOCKS = YES;
				GCC_WARN_64_TO_32_BIT_CONVERSION = YES;
				GCC_WARN_ABOUT_RETURN_TYPE = YES_ERROR;
				GCC_WARN_UNDECLARED_SELECTOR = YES;
				GCC_WARN_UNINITIALIZED_AUTOS = YES_AGGRESSIVE;
				GCC_WARN_UNUSED_FUNCTION = YES;
				GCC_WARN_UNUSED_VARIABLE = YES;
				IPHONEOS_DEPLOYMENT_TARGET = 13.6;
				MTL_ENABLE_DEBUG_INFO = NO;
				MTL_FAST_MATH = YES;
				SDKROOT = iphoneos;
				SWIFT_COMPILATION_MODE = wholemodule;
				SWIFT_OPTIMIZATION_LEVEL = "-O";
				VALIDATE_PRODUCT = YES;
			};
			name = Release;
		};
		A4920B1424C5A638005FD213 /* Debug */ = {
			isa = XCBuildConfiguration;
			buildSettings = {
				ASSETCATALOG_COMPILER_APPICON_NAME = AppIcon;
				CODE_SIGN_STYLE = Automatic;
				INFOPLIST_FILE = MoviePlayer/Info.plist;
				LD_RUNPATH_SEARCH_PATHS = (
					"$(inherited)",
					"@executable_path/Frameworks",
				);
				PRODUCT_BUNDLE_IDENTIFIER = com.aaronlab.MoviePlayer;
				PRODUCT_NAME = "$(TARGET_NAME)";
				SWIFT_VERSION = 5.0;
				TARGETED_DEVICE_FAMILY = "1,2";
			};
			name = Debug;
		};
		A4920B1524C5A638005FD213 /* Release */ = {
			isa = XCBuildConfiguration;
			buildSettings = {
				ASSETCATALOG_COMPILER_APPICON_NAME = AppIcon;
				CODE_SIGN_STYLE = Automatic;
				INFOPLIST_FILE = MoviePlayer/Info.plist;
				LD_RUNPATH_SEARCH_PATHS = (
					"$(inherited)",
					"@executable_path/Frameworks",
				);
				PRODUCT_BUNDLE_IDENTIFIER = com.aaronlab.MoviePlayer;
				PRODUCT_NAME = "$(TARGET_NAME)";
				SWIFT_VERSION = 5.0;
				TARGETED_DEVICE_FAMILY = "1,2";
			};
			name = Release;
		};
/* End XCBuildConfiguration section */

/* Begin XCConfigurationList section */
		A4920AFA24C5A637005FD213 /* Build configuration list for PBXProject "MoviePlayer" */ = {
			isa = XCConfigurationList;
			buildConfigurations = (
				A4920B1124C5A638005FD213 /* Debug */,
				A4920B1224C5A638005FD213 /* Release */,
			);
			defaultConfigurationIsVisible = 0;
			defaultConfigurationName = Release;
		};
		A4920B1324C5A638005FD213 /* Build configuration list for PBXNativeTarget "MoviePlayer" */ = {
			isa = XCConfigurationList;
			buildConfigurations = (
				A4920B1424C5A638005FD213 /* Debug */,
				A4920B1524C5A638005FD213 /* Release */,
			);
			defaultConfigurationIsVisible = 0;
			defaultConfigurationName = Release;
		};
/* End XCConfigurationList section */
	};
	rootObject = A4920AF724C5A637005FD213 /* Project object */;
}
