// !$*UTF8*$!
{
	archiveVersion = 1;
	classes = {
	};
	objectVersion = 50;
	objects = {

/* Begin PBXBuildFile section */
		A4298A3124C1814100349717 /* BountyInfo.swift in Sources */ = {isa = PBXBuildFile; fileRef = A4298A3024C1814100349717 /* BountyInfo.swift */; };
		A492607724C0883E00B0B875 /* AppDelegate.swift in Sources */ = {isa = PBXBuildFile; fileRef = A492607624C0883E00B0B875 /* AppDelegate.swift */; };
		A492607924C0883E00B0B875 /* SceneDelegate.swift in Sources */ = {isa = PBXBuildFile; fileRef = A492607824C0883E00B0B875 /* SceneDelegate.swift */; };
		A492607E24C0883E00B0B875 /* Main.storyboard in Resources */ = {isa = PBXBuildFile; fileRef = A492607C24C0883E00B0B875 /* Main.storyboard */; };
		A492608024C0883F00B0B875 /* Assets.xcassets in Resources */ = {isa = PBXBuildFile; fileRef = A492607F24C0883F00B0B875 /* Assets.xcassets */; };
		A492608324C0883F00B0B875 /* LaunchScreen.storyboard in Resources */ = {isa = PBXBuildFile; fileRef = A492608124C0883F00B0B875 /* LaunchScreen.storyboard */; };
		A492608B24C0888400B0B875 /* .gitignore in Resources */ = {isa = PBXBuildFile; fileRef = A492608A24C0888400B0B875 /* .gitignore */; };
		A492608D24C0889300B0B875 /* README.md in Resources */ = {isa = PBXBuildFile; fileRef = A492608C24C0889300B0B875 /* README.md */; };
		A492608F24C0899200B0B875 /* BountyViewController.swift in Sources */ = {isa = PBXBuildFile; fileRef = A492608E24C0899200B0B875 /* BountyViewController.swift */; };
		A492609124C09D1300B0B875 /* DetailViewController.swift in Sources */ = {isa = PBXBuildFile; fileRef = A492609024C09D1300B0B875 /* DetailViewController.swift */; };
/* End PBXBuildFile section */

/* Begin PBXFileReference section */
		A4298A3024C1814100349717 /* BountyInfo.swift */ = {isa = PBXFileReference; lastKnownFileType = sourcecode.swift; path = BountyInfo.swift; sourceTree = "<group>"; };
		A4298A3224C183D100349717 /* Bounty List.entitlements */ = {isa = PBXFileReference; lastKnownFileType = text.plist.entitlements; path = "Bounty List.entitlements"; sourceTree = "<group>"; };
		A492607324C0883D00B0B875 /* Bounty List.app */ = {isa = PBXFileReference; explicitFileType = wrapper.application; includeInIndex = 0; path = "Bounty List.app"; sourceTree = BUILT_PRODUCTS_DIR; };
		A492607624C0883E00B0B875 /* AppDelegate.swift */ = {isa = PBXFileReference; lastKnownFileType = sourcecode.swift; path = AppDelegate.swift; sourceTree = "<group>"; };
		A492607824C0883E00B0B875 /* SceneDelegate.swift */ = {isa = PBXFileReference; lastKnownFileType = sourcecode.swift; path = SceneDelegate.swift; sourceTree = "<group>"; };
		A492607D24C0883E00B0B875 /* Base */ = {isa = PBXFileReference; lastKnownFileType = file.storyboard; name = Base; path = Base.lproj/Main.storyboard; sourceTree = "<group>"; };
		A492607F24C0883F00B0B875 /* Assets.xcassets */ = {isa = PBXFileReference; lastKnownFileType = folder.assetcatalog; path = Assets.xcassets; sourceTree = "<group>"; };
		A492608224C0883F00B0B875 /* Base */ = {isa = PBXFileReference; lastKnownFileType = file.storyboard; name = Base; path = Base.lproj/LaunchScreen.storyboard; sourceTree = "<group>"; };
		A492608424C0883F00B0B875 /* Info.plist */ = {isa = PBXFileReference; lastKnownFileType = text.plist.xml; path = Info.plist; sourceTree = "<group>"; };
		A492608A24C0888400B0B875 /* .gitignore */ = {isa = PBXFileReference; lastKnownFileType = text; path = .gitignore; sourceTree = "<group>"; };
		A492608C24C0889300B0B875 /* README.md */ = {isa = PBXFileReference; lastKnownFileType = net.daringfireball.markdown; path = README.md; sourceTree = "<group>"; };
		A492608E24C0899200B0B875 /* BountyViewController.swift */ = {isa = PBXFileReference; lastKnownFileType = sourcecode.swift; path = BountyViewController.swift; sourceTree = "<group>"; };
		A492609024C09D1300B0B875 /* DetailViewController.swift */ = {isa = PBXFileReference; lastKnownFileType = sourcecode.swift; path = DetailViewController.swift; sourceTree = "<group>"; };
/* End PBXFileReference section */

/* Begin PBXFrameworksBuildPhase section */
		A492607024C0883D00B0B875 /* Frameworks */ = {
			isa = PBXFrameworksBuildPhase;
			buildActionMask = 2147483647;
			files = (
			);
			runOnlyForDeploymentPostprocessing = 0;
		};
/* End PBXFrameworksBuildPhase section */

/* Begin PBXGroup section */
		A492606A24C0883D00B0B875 = {
			isa = PBXGroup;
			children = (
				A492608C24C0889300B0B875 /* README.md */,
				A492608A24C0888400B0B875 /* .gitignore */,
				A492607524C0883D00B0B875 /* BountyList */,
				A492607424C0883D00B0B875 /* Products */,
			);
			sourceTree = "<group>";
		};
		A492607424C0883D00B0B875 /* Products */ = {
			isa = PBXGroup;
			children = (
				A492607324C0883D00B0B875 /* Bounty List.app */,
			);
			name = Products;
			sourceTree = "<group>";
		};
		A492607524C0883D00B0B875 /* BountyList */ = {
			isa = PBXGroup;
			children = (
				A4298A3224C183D100349717 /* Bounty List.entitlements */,
				A492607624C0883E00B0B875 /* AppDelegate.swift */,
				A492607824C0883E00B0B875 /* SceneDelegate.swift */,
				A492607C24C0883E00B0B875 /* Main.storyboard */,
				A492607F24C0883F00B0B875 /* Assets.xcassets */,
				A492608124C0883F00B0B875 /* LaunchScreen.storyboard */,
				A492608424C0883F00B0B875 /* Info.plist */,
				A492608E24C0899200B0B875 /* BountyViewController.swift */,
				A4298A3024C1814100349717 /* BountyInfo.swift */,
				A492609024C09D1300B0B875 /* DetailViewController.swift */,
			);
			path = BountyList;
			sourceTree = "<group>";
		};
/* End PBXGroup section */

/* Begin PBXNativeTarget section */
		A492607224C0883D00B0B875 /* BountyList */ = {
			isa = PBXNativeTarget;
			buildConfigurationList = A492608724C0883F00B0B875 /* Build configuration list for PBXNativeTarget "BountyList" */;
			buildPhases = (
				A492606F24C0883D00B0B875 /* Sources */,
				A492607024C0883D00B0B875 /* Frameworks */,
				A492607124C0883D00B0B875 /* Resources */,
			);
			buildRules = (
			);
			dependencies = (
			);
			name = BountyList;
			productName = BountyList;
			productReference = A492607324C0883D00B0B875 /* Bounty List.app */;
			productType = "com.apple.product-type.application";
		};
/* End PBXNativeTarget section */

/* Begin PBXProject section */
		A492606B24C0883D00B0B875 /* Project object */ = {
			isa = PBXProject;
			attributes = {
				LastSwiftUpdateCheck = 1160;
				LastUpgradeCheck = 1160;
				ORGANIZATIONNAME = "Aaron Lee";
				TargetAttributes = {
					A492607224C0883D00B0B875 = {
						CreatedOnToolsVersion = 11.6;
					};
				};
			};
			buildConfigurationList = A492606E24C0883D00B0B875 /* Build configuration list for PBXProject "BountyList" */;
			compatibilityVersion = "Xcode 9.3";
			developmentRegion = en;
			hasScannedForEncodings = 0;
			knownRegions = (
				en,
				Base,
			);
			mainGroup = A492606A24C0883D00B0B875;
			productRefGroup = A492607424C0883D00B0B875 /* Products */;
			projectDirPath = "";
			projectRoot = "";
			targets = (
				A492607224C0883D00B0B875 /* BountyList */,
			);
		};
/* End PBXProject section */

/* Begin PBXResourcesBuildPhase section */
		A492607124C0883D00B0B875 /* Resources */ = {
			isa = PBXResourcesBuildPhase;
			buildActionMask = 2147483647;
			files = (
				A492608B24C0888400B0B875 /* .gitignore in Resources */,
				A492608324C0883F00B0B875 /* LaunchScreen.storyboard in Resources */,
				A492608D24C0889300B0B875 /* README.md in Resources */,
				A492608024C0883F00B0B875 /* Assets.xcassets in Resources */,
				A492607E24C0883E00B0B875 /* Main.storyboard in Resources */,
			);
			runOnlyForDeploymentPostprocessing = 0;
		};
/* End PBXResourcesBuildPhase section */

/* Begin PBXSourcesBuildPhase section */
		A492606F24C0883D00B0B875 /* Sources */ = {
			isa = PBXSourcesBuildPhase;
			buildActionMask = 2147483647;
			files = (
				A4298A3124C1814100349717 /* BountyInfo.swift in Sources */,
				A492607724C0883E00B0B875 /* AppDelegate.swift in Sources */,
				A492608F24C0899200B0B875 /* BountyViewController.swift in Sources */,
				A492607924C0883E00B0B875 /* SceneDelegate.swift in Sources */,
				A492609124C09D1300B0B875 /* DetailViewController.swift in Sources */,
			);
			runOnlyForDeploymentPostprocessing = 0;
		};
/* End PBXSourcesBuildPhase section */

/* Begin PBXVariantGroup section */
		A492607C24C0883E00B0B875 /* Main.storyboard */ = {
			isa = PBXVariantGroup;
			children = (
				A492607D24C0883E00B0B875 /* Base */,
			);
			name = Main.storyboard;
			sourceTree = "<group>";
		};
		A492608124C0883F00B0B875 /* LaunchScreen.storyboard */ = {
			isa = PBXVariantGroup;
			children = (
				A492608224C0883F00B0B875 /* Base */,
			);
			name = LaunchScreen.storyboard;
			sourceTree = "<group>";
		};
/* End PBXVariantGroup section */

/* Begin XCBuildConfiguration section */
		A492608524C0883F00B0B875 /* Debug */ = {
			isa = XCBuildConfiguration;
			buildSettings = {
				ALWAYS_SEARCH_USER_PATHS = NO;
				CLANG_ANALYZER_NONNULL = YES;
				CLANG_ANALYZER_NUMBER_OBJECT_CONVERSION = YES_AGGRESSIVE;
				CLANG_CXX_LANGUAGE_STANDARD = "gnu++14";
				CLANG_CXX_LIBRARY = "libc++";
				CLANG_ENABLE_MODULES = YES;
				CLANG_ENABLE_OBJC_ARC = YES;
				CLANG_ENABLE_OBJC_WEAK = YES;
				CLANG_WARN_BLOCK_CAPTURE_AUTORELEASING = YES;
				CLANG_WARN_BOOL_CONVERSION = YES;
				CLANG_WARN_COMMA = YES;
				CLANG_WARN_CONSTANT_CONVERSION = YES;
				CLANG_WARN_DEPRECATED_OBJC_IMPLEMENTATIONS = YES;
				CLANG_WARN_DIRECT_OBJC_ISA_USAGE = YES_ERROR;
				CLANG_WARN_DOCUMENTATION_COMMENTS = YES;
				CLANG_WARN_EMPTY_BODY = YES;
				CLANG_WARN_ENUM_CONVERSION = YES;
				CLANG_WARN_INFINITE_RECURSION = YES;
				CLANG_WARN_INT_CONVERSION = YES;
				CLANG_WARN_NON_LITERAL_NULL_CONVERSION = YES;
				CLANG_WARN_OBJC_IMPLICIT_RETAIN_SELF = YES;
				CLANG_WARN_OBJC_LITERAL_CONVERSION = YES;
				CLANG_WARN_OBJC_ROOT_CLASS = YES_ERROR;
				CLANG_WARN_RANGE_LOOP_ANALYSIS = YES;
				CLANG_WARN_STRICT_PROTOTYPES = YES;
				CLANG_WARN_SUSPICIOUS_MOVE = YES;
				CLANG_WARN_UNGUARDED_AVAILABILITY = YES_AGGRESSIVE;
				CLANG_WARN_UNREACHABLE_CODE = YES;
				CLANG_WARN__DUPLICATE_METHOD_MATCH = YES;
				COPY_PHASE_STRIP = NO;
				DEBUG_INFORMATION_FORMAT = dwarf;
				ENABLE_STRICT_OBJC_MSGSEND = YES;
				ENABLE_TESTABILITY = YES;
				GCC_C_LANGUAGE_STANDARD = gnu11;
				GCC_DYNAMIC_NO_PIC = NO;
				GCC_NO_COMMON_BLOCKS = YES;
				GCC_OPTIMIZATION_LEVEL = 0;
				GCC_PREPROCESSOR_DEFINITIONS = (
					"DEBUG=1",
					"$(inherited)",
				);
				GCC_WARN_64_TO_32_BIT_CONVERSION = YES;
				GCC_WARN_ABOUT_RETURN_TYPE = YES_ERROR;
				GCC_WARN_UNDECLARED_SELECTOR = YES;
				GCC_WARN_UNINITIALIZED_AUTOS = YES_AGGRESSIVE;
				GCC_WARN_UNUSED_FUNCTION = YES;
				GCC_WARN_UNUSED_VARIABLE = YES;
				IPHONEOS_DEPLOYMENT_TARGET = 13.6;
				MTL_ENABLE_DEBUG_INFO = INCLUDE_SOURCE;
				MTL_FAST_MATH = YES;
				ONLY_ACTIVE_ARCH = YES;
				SDKROOT = iphoneos;
				SWIFT_ACTIVE_COMPILATION_CONDITIONS = DEBUG;
				SWIFT_OPTIMIZATION_LEVEL = "-Onone";
			};
			name = Debug;
		};
		A492608624C0883F00B0B875 /* Release */ = {
			isa = XCBuildConfiguration;
			buildSettings = {
				ALWAYS_SEARCH_USER_PATHS = NO;
				CLANG_ANALYZER_NONNULL = YES;
				CLANG_ANALYZER_NUMBER_OBJECT_CONVERSION = YES_AGGRESSIVE;
				CLANG_CXX_LANGUAGE_STANDARD = "gnu++14";
				CLANG_CXX_LIBRARY = "libc++";
				CLANG_ENABLE_MODULES = YES;
				CLANG_ENABLE_OBJC_ARC = YES;
				CLANG_ENABLE_OBJC_WEAK = YES;
				CLANG_WARN_BLOCK_CAPTURE_AUTORELEASING = YES;
				CLANG_WARN_BOOL_CONVERSION = YES;
				CLANG_WARN_COMMA = YES;
				CLANG_WARN_CONSTANT_CONVERSION = YES;
				CLANG_WARN_DEPRECATED_OBJC_IMPLEMENTATIONS = YES;
				CLANG_WARN_DIRECT_OBJC_ISA_USAGE = YES_ERROR;
				CLANG_WARN_DOCUMENTATION_COMMENTS = YES;
				CLANG_WARN_EMPTY_BODY = YES;
				CLANG_WARN_ENUM_CONVERSION = YES;
				CLANG_WARN_INFINITE_RECURSION = YES;
				CLANG_WARN_INT_CONVERSION = YES;
				CLANG_WARN_NON_LITERAL_NULL_CONVERSION = YES;
				CLANG_WARN_OBJC_IMPLICIT_RETAIN_SELF = YES;
				CLANG_WARN_OBJC_LITERAL_CONVERSION = YES;
				CLANG_WARN_OBJC_ROOT_CLASS = YES_ERROR;
				CLANG_WARN_RANGE_LOOP_ANALYSIS = YES;
				CLANG_WARN_STRICT_PROTOTYPES = YES;
				CLANG_WARN_SUSPICIOUS_MOVE = YES;
				CLANG_WARN_UNGUARDED_AVAILABILITY = YES_AGGRESSIVE;
				CLANG_WARN_UNREACHABLE_CODE = YES;
				CLANG_WARN__DUPLICATE_METHOD_MATCH = YES;
				COPY_PHASE_STRIP = NO;
				DEBUG_INFORMATION_FORMAT = "dwarf-with-dsym";
				ENABLE_NS_ASSERTIONS = NO;
				ENABLE_STRICT_OBJC_MSGSEND = YES;
				GCC_C_LANGUAGE_STANDARD = gnu11;
				GCC_NO_COMMON_BLOCKS = YES;
				GCC_WARN_64_TO_32_BIT_CONVERSION = YES;
				GCC_WARN_ABOUT_RETURN_TYPE = YES_ERROR;
				GCC_WARN_UNDECLARED_SELECTOR = YES;
				GCC_WARN_UNINITIALIZED_AUTOS = YES_AGGRESSIVE;
				GCC_WARN_UNUSED_FUNCTION = YES;
				GCC_WARN_UNUSED_VARIABLE = YES;
				IPHONEOS_DEPLOYMENT_TARGET = 13.6;
				MTL_ENABLE_DEBUG_INFO = NO;
				MTL_FAST_MATH = YES;
				SDKROOT = iphoneos;
				SWIFT_COMPILATION_MODE = wholemodule;
				SWIFT_OPTIMIZATION_LEVEL = "-O";
				VALIDATE_PRODUCT = YES;
			};
			name = Release;
		};
		A492608824C0883F00B0B875 /* Debug */ = {
			isa = XCBuildConfiguration;
			buildSettings = {
				ASSETCATALOG_COMPILER_APPICON_NAME = AppIcon;
				CODE_SIGN_ENTITLEMENTS = "BountyList/Bounty List.entitlements";
				CODE_SIGN_STYLE = Automatic;
				DEVELOPMENT_TEAM = 6U769Q36UT;
				INFOPLIST_FILE = BountyList/Info.plist;
				LD_RUNPATH_SEARCH_PATHS = (
					"$(inherited)",
					"@executable_path/Frameworks",
				);
				PRODUCT_BUNDLE_IDENTIFIER = com.aaronLab.BountyList;
				PRODUCT_NAME = "Bounty List";
				SUPPORTS_MACCATALYST = NO;
				SWIFT_VERSION = 5.0;
				TARGETED_DEVICE_FAMILY = "1,2";
			};
			name = Debug;
		};
		A492608924C0883F00B0B875 /* Release */ = {
			isa = XCBuildConfiguration;
			buildSettings = {
				ASSETCATALOG_COMPILER_APPICON_NAME = AppIcon;
				CODE_SIGN_ENTITLEMENTS = "BountyList/Bounty List.entitlements";
				CODE_SIGN_STYLE = Automatic;
				DEVELOPMENT_TEAM = 6U769Q36UT;
				INFOPLIST_FILE = BountyList/Info.plist;
				LD_RUNPATH_SEARCH_PATHS = (
					"$(inherited)",
					"@executable_path/Frameworks",
				);
				PRODUCT_BUNDLE_IDENTIFIER = com.aaronLab.BountyList;
				PRODUCT_NAME = "Bounty List";
				SUPPORTS_MACCATALYST = NO;
				SWIFT_VERSION = 5.0;
				TARGETED_DEVICE_FAMILY = "1,2";
			};
			name = Release;
		};
/* End XCBuildConfiguration section */

/* Begin XCConfigurationList section */
		A492606E24C0883D00B0B875 /* Build configuration list for PBXProject "BountyList" */ = {
			isa = XCConfigurationList;
			buildConfigurations = (
				A492608524C0883F00B0B875 /* Debug */,
				A492608624C0883F00B0B875 /* Release */,
			);
			defaultConfigurationIsVisible = 0;
			defaultConfigurationName = Release;
		};
		A492608724C0883F00B0B875 /* Build configuration list for PBXNativeTarget "BountyList" */ = {
			isa = XCConfigurationList;
			buildConfigurations = (
				A492608824C0883F00B0B875 /* Debug */,
				A492608924C0883F00B0B875 /* Release */,
			);
			defaultConfigurationIsVisible = 0;
			defaultConfigurationName = Release;
		};
/* End XCConfigurationList section */
	};
	rootObject = A492606B24C0883D00B0B875 /* Project object */;
}
