// !$*UTF8*$!
{
	archiveVersion = 1;
	classes = {
	};
	objectVersion = 50;
	objects = {

/* Begin PBXBuildFile section */
		A44FD1B324C415B500037F7A /* AppDelegate.swift in Sources */ = {isa = PBXBuildFile; fileRef = A44FD1B224C415B500037F7A /* AppDelegate.swift */; };
		A44FD1B524C415B500037F7A /* SceneDelegate.swift in Sources */ = {isa = PBXBuildFile; fileRef = A44FD1B424C415B500037F7A /* SceneDelegate.swift */; };
		A44FD1B724C415B500037F7A /* ViewController.swift in Sources */ = {isa = PBXBuildFile; fileRef = A44FD1B624C415B500037F7A /* ViewController.swift */; };
		A44FD1BA24C415B500037F7A /* Main.storyboard in Resources */ = {isa = PBXBuildFile; fileRef = A44FD1B824C415B500037F7A /* Main.storyboard */; };
		A44FD1BC24C415B600037F7A /* Assets.xcassets in Resources */ = {isa = PBXBuildFile; fileRef = A44FD1BB24C415B600037F7A /* Assets.xcassets */; };
		A44FD1BF24C415B600037F7A /* LaunchScreen.storyboard in Resources */ = {isa = PBXBuildFile; fileRef = A44FD1BD24C415B600037F7A /* LaunchScreen.storyboard */; };
		A44FD1CD24C415E400037F7A /* 02.png in Resources */ = {isa = PBXBuildFile; fileRef = A44FD1C724C415E400037F7A /* 02.png */; };
		A44FD1CE24C415E400037F7A /* 04.png in Resources */ = {isa = PBXBuildFile; fileRef = A44FD1C824C415E400037F7A /* 04.png */; };
		A44FD1CF24C415E400037F7A /* 01.png in Resources */ = {isa = PBXBuildFile; fileRef = A44FD1C924C415E400037F7A /* 01.png */; };
		A44FD1D024C415E400037F7A /* 03.png in Resources */ = {isa = PBXBuildFile; fileRef = A44FD1CA24C415E400037F7A /* 03.png */; };
		A44FD1D124C415E400037F7A /* 05.png in Resources */ = {isa = PBXBuildFile; fileRef = A44FD1CB24C415E400037F7A /* 05.png */; };
		A44FD1D224C415E400037F7A /* 06.png in Resources */ = {isa = PBXBuildFile; fileRef = A44FD1CC24C415E400037F7A /* 06.png */; };
/* End PBXBuildFile section */

/* Begin PBXFileReference section */
		A44FD1AF24C415B500037F7A /* PageControl.app */ = {isa = PBXFileReference; explicitFileType = wrapper.application; includeInIndex = 0; path = PageControl.app; sourceTree = BUILT_PRODUCTS_DIR; };
		A44FD1B224C415B500037F7A /* AppDelegate.swift */ = {isa = PBXFileReference; lastKnownFileType = sourcecode.swift; path = AppDelegate.swift; sourceTree = "<group>"; };
		A44FD1B424C415B500037F7A /* SceneDelegate.swift */ = {isa = PBXFileReference; lastKnownFileType = sourcecode.swift; path = SceneDelegate.swift; sourceTree = "<group>"; };
		A44FD1B624C415B500037F7A /* ViewController.swift */ = {isa = PBXFileReference; lastKnownFileType = sourcecode.swift; path = ViewController.swift; sourceTree = "<group>"; };
		A44FD1B924C415B500037F7A /* Base */ = {isa = PBXFileReference; lastKnownFileType = file.storyboard; name = Base; path = Base.lproj/Main.storyboard; sourceTree = "<group>"; };
		A44FD1BB24C415B600037F7A /* Assets.xcassets */ = {isa = PBXFileReference; lastKnownFileType = folder.assetcatalog; path = Assets.xcassets; sourceTree = "<group>"; };
		A44FD1BE24C415B600037F7A /* Base */ = {isa = PBXFileReference; lastKnownFileType = file.storyboard; name = Base; path = Base.lproj/LaunchScreen.storyboard; sourceTree = "<group>"; };
		A44FD1C024C415B600037F7A /* Info.plist */ = {isa = PBXFileReference; lastKnownFileType = text.plist.xml; path = Info.plist; sourceTree = "<group>"; };
		A44FD1C724C415E400037F7A /* 02.png */ = {isa = PBXFileReference; lastKnownFileType = image.png; path = 02.png; sourceTree = "<group>"; };
		A44FD1C824C415E400037F7A /* 04.png */ = {isa = PBXFileReference; lastKnownFileType = image.png; path = 04.png; sourceTree = "<group>"; };
		A44FD1C924C415E400037F7A /* 01.png */ = {isa = PBXFileReference; lastKnownFileType = image.png; path = 01.png; sourceTree = "<group>"; };
		A44FD1CA24C415E400037F7A /* 03.png */ = {isa = PBXFileReference; lastKnownFileType = image.png; path = 03.png; sourceTree = "<group>"; };
		A44FD1CB24C415E400037F7A /* 05.png */ = {isa = PBXFileReference; lastKnownFileType = image.png; path = 05.png; sourceTree = "<group>"; };
		A44FD1CC24C415E400037F7A /* 06.png */ = {isa = PBXFileReference; lastKnownFileType = image.png; path = 06.png; sourceTree = "<group>"; };
/* End PBXFileReference section */

/* Begin PBXFrameworksBuildPhase section */
		A44FD1AC24C415B500037F7A /* Frameworks */ = {
			isa = PBXFrameworksBuildPhase;
			buildActionMask = 2147483647;
			files = (
			);
			runOnlyForDeploymentPostprocessing = 0;
		};
/* End PBXFrameworksBuildPhase section */

/* Begin PBXGroup section */
		A44FD1A624C415B500037F7A = {
			isa = PBXGroup;
			children = (
				A44FD1B124C415B500037F7A /* PageControl */,
				A44FD1B024C415B500037F7A /* Products */,
			);
			sourceTree = "<group>";
		};
		A44FD1B024C415B500037F7A /* Products */ = {
			isa = PBXGroup;
			children = (
				A44FD1AF24C415B500037F7A /* PageControl.app */,
			);
			name = Products;
			sourceTree = "<group>";
		};
		A44FD1B124C415B500037F7A /* PageControl */ = {
			isa = PBXGroup;
			children = (
				A44FD1C624C415CF00037F7A /* images */,
				A44FD1B224C415B500037F7A /* AppDelegate.swift */,
				A44FD1B424C415B500037F7A /* SceneDelegate.swift */,
				A44FD1B624C415B500037F7A /* ViewController.swift */,
				A44FD1B824C415B500037F7A /* Main.storyboard */,
				A44FD1BB24C415B600037F7A /* Assets.xcassets */,
				A44FD1BD24C415B600037F7A /* LaunchScreen.storyboard */,
				A44FD1C024C415B600037F7A /* Info.plist */,
			);
			path = PageControl;
			sourceTree = "<group>";
		};
		A44FD1C624C415CF00037F7A /* images */ = {
			isa = PBXGroup;
			children = (
				A44FD1C924C415E400037F7A /* 01.png */,
				A44FD1C724C415E400037F7A /* 02.png */,
				A44FD1CA24C415E400037F7A /* 03.png */,
				A44FD1C824C415E400037F7A /* 04.png */,
				A44FD1CB24C415E400037F7A /* 05.png */,
				A44FD1CC24C415E400037F7A /* 06.png */,
			);
			path = images;
			sourceTree = "<group>";
		};
/* End PBXGroup section */

/* Begin PBXNativeTarget section */
		A44FD1AE24C415B500037F7A /* PageControl */ = {
			isa = PBXNativeTarget;
			buildConfigurationList = A44FD1C324C415B600037F7A /* Build configuration list for PBXNativeTarget "PageControl" */;
			buildPhases = (
				A44FD1AB24C415B500037F7A /* Sources */,
				A44FD1AC24C415B500037F7A /* Frameworks */,
				A44FD1AD24C415B500037F7A /* Resources */,
			);
			buildRules = (
			);
			dependencies = (
			);
			name = PageControl;
			productName = PageControl;
			productReference = A44FD1AF24C415B500037F7A /* PageControl.app */;
			productType = "com.apple.product-type.application";
		};
/* End PBXNativeTarget section */

/* Begin PBXProject section */
		A44FD1A724C415B500037F7A /* Project object */ = {
			isa = PBXProject;
			attributes = {
				LastSwiftUpdateCheck = 1160;
				LastUpgradeCheck = 1160;
				ORGANIZATIONNAME = "Aaron Lee";
				TargetAttributes = {
					A44FD1AE24C415B500037F7A = {
						CreatedOnToolsVersion = 11.6;
					};
				};
			};
			buildConfigurationList = A44FD1AA24C415B500037F7A /* Build configuration list for PBXProject "PageControl" */;
			compatibilityVersion = "Xcode 9.3";
			developmentRegion = en;
			hasScannedForEncodings = 0;
			knownRegions = (
				en,
				Base,
			);
			mainGroup = A44FD1A624C415B500037F7A;
			productRefGroup = A44FD1B024C415B500037F7A /* Products */;
			projectDirPath = "";
			projectRoot = "";
			targets = (
				A44FD1AE24C415B500037F7A /* PageControl */,
			);
		};
/* End PBXProject section */

/* Begin PBXResourcesBuildPhase section */
		A44FD1AD24C415B500037F7A /* Resources */ = {
			isa = PBXResourcesBuildPhase;
			buildActionMask = 2147483647;
			files = (
				A44FD1D024C415E400037F7A /* 03.png in Resources */,
				A44FD1CF24C415E400037F7A /* 01.png in Resources */,
				A44FD1CE24C415E400037F7A /* 04.png in Resources */,
				A44FD1BF24C415B600037F7A /* LaunchScreen.storyboard in Resources */,
				A44FD1D224C415E400037F7A /* 06.png in Resources */,
				A44FD1BC24C415B600037F7A /* Assets.xcassets in Resources */,
				A44FD1BA24C415B500037F7A /* Main.storyboard in Resources */,
				A44FD1D124C415E400037F7A /* 05.png in Resources */,
				A44FD1CD24C415E400037F7A /* 02.png in Resources */,
			);
			runOnlyForDeploymentPostprocessing = 0;
		};
/* End PBXResourcesBuildPhase section */

/* Begin PBXSourcesBuildPhase section */
		A44FD1AB24C415B500037F7A /* Sources */ = {
			isa = PBXSourcesBuildPhase;
			buildActionMask = 2147483647;
			files = (
				A44FD1B724C415B500037F7A /* ViewController.swift in Sources */,
				A44FD1B324C415B500037F7A /* AppDelegate.swift in Sources */,
				A44FD1B524C415B500037F7A /* SceneDelegate.swift in Sources */,
			);
			runOnlyForDeploymentPostprocessing = 0;
		};
/* End PBXSourcesBuildPhase section */

/* Begin PBXVariantGroup section */
		A44FD1B824C415B500037F7A /* Main.storyboard */ = {
			isa = PBXVariantGroup;
			children = (
				A44FD1B924C415B500037F7A /* Base */,
			);
			name = Main.storyboard;
			sourceTree = "<group>";
		};
		A44FD1BD24C415B600037F7A /* LaunchScreen.storyboard */ = {
			isa = PBXVariantGroup;
			children = (
				A44FD1BE24C415B600037F7A /* Base */,
			);
			name = LaunchScreen.storyboard;
			sourceTree = "<group>";
		};
/* End PBXVariantGroup section */

/* Begin XCBuildConfiguration section */
		A44FD1C124C415B600037F7A /* Debug */ = {
			isa = XCBuildConfiguration;
			buildSettings = {
				ALWAYS_SEARCH_USER_PATHS = NO;
				CLANG_ANALYZER_NONNULL = YES;
				CLANG_ANALYZER_NUMBER_OBJECT_CONVERSION = YES_AGGRESSIVE;
				CLANG_CXX_LANGUAGE_STANDARD = "gnu++14";
				CLANG_CXX_LIBRARY = "libc++";
				CLANG_ENABLE_MODULES = YES;
				CLANG_ENABLE_OBJC_ARC = YES;
				CLANG_ENABLE_OBJC_WEAK = YES;
				CLANG_WARN_BLOCK_CAPTURE_AUTORELEASING = YES;
				CLANG_WARN_BOOL_CONVERSION = YES;
				CLANG_WARN_COMMA = YES;
				CLANG_WARN_CONSTANT_CONVERSION = YES;
				CLANG_WARN_DEPRECATED_OBJC_IMPLEMENTATIONS = YES;
				CLANG_WARN_DIRECT_OBJC_ISA_USAGE = YES_ERROR;
				CLANG_WARN_DOCUMENTATION_COMMENTS = YES;
				CLANG_WARN_EMPTY_BODY = YES;
				CLANG_WARN_ENUM_CONVERSION = YES;
				CLANG_WARN_INFINITE_RECURSION = YES;
				CLANG_WARN_INT_CONVERSION = YES;
				CLANG_WARN_NON_LITERAL_NULL_CONVERSION = YES;
				CLANG_WARN_OBJC_IMPLICIT_RETAIN_SELF = YES;
				CLANG_WARN_OBJC_LITERAL_CONVERSION = YES;
				CLANG_WARN_OBJC_ROOT_CLASS = YES_ERROR;
				CLANG_WARN_RANGE_LOOP_ANALYSIS = YES;
				CLANG_WARN_STRICT_PROTOTYPES = YES;
				CLANG_WARN_SUSPICIOUS_MOVE = YES;
				CLANG_WARN_UNGUARDED_AVAILABILITY = YES_AGGRESSIVE;
				CLANG_WARN_UNREACHABLE_CODE = YES;
				CLANG_WARN__DUPLICATE_METHOD_MATCH = YES;
				COPY_PHASE_STRIP = NO;
				DEBUG_INFORMATION_FORMAT = dwarf;
				ENABLE_STRICT_OBJC_MSGSEND = YES;
				ENABLE_TESTABILITY = YES;
				GCC_C_LANGUAGE_STANDARD = gnu11;
				GCC_DYNAMIC_NO_PIC = NO;
				GCC_NO_COMMON_BLOCKS = YES;
				GCC_OPTIMIZATION_LEVEL = 0;
				GCC_PREPROCESSOR_DEFINITIONS = (
					"DEBUG=1",
					"$(inherited)",
				);
				GCC_WARN_64_TO_32_BIT_CONVERSION = YES;
				GCC_WARN_ABOUT_RETURN_TYPE = YES_ERROR;
				GCC_WARN_UNDECLARED_SELECTOR = YES;
				GCC_WARN_UNINITIALIZED_AUTOS = YES_AGGRESSIVE;
				GCC_WARN_UNUSED_FUNCTION = YES;
				GCC_WARN_UNUSED_VARIABLE = YES;
				IPHONEOS_DEPLOYMENT_TARGET = 13.6;
				MTL_ENABLE_DEBUG_INFO = INCLUDE_SOURCE;
				MTL_FAST_MATH = YES;
				ONLY_ACTIVE_ARCH = YES;
				SDKROOT = iphoneos;
				SWIFT_ACTIVE_COMPILATION_CONDITIONS = DEBUG;
				SWIFT_OPTIMIZATION_LEVEL = "-Onone";
			};
			name = Debug;
		};
		A44FD1C224C415B600037F7A /* Release */ = {
			isa = XCBuildConfiguration;
			buildSettings = {
				ALWAYS_SEARCH_USER_PATHS = NO;
				CLANG_ANALYZER_NONNULL = YES;
				CLANG_ANALYZER_NUMBER_OBJECT_CONVERSION = YES_AGGRESSIVE;
				CLANG_CXX_LANGUAGE_STANDARD = "gnu++14";
				CLANG_CXX_LIBRARY = "libc++";
				CLANG_ENABLE_MODULES = YES;
				CLANG_ENABLE_OBJC_ARC = YES;
				CLANG_ENABLE_OBJC_WEAK = YES;
				CLANG_WARN_BLOCK_CAPTURE_AUTORELEASING = YES;
				CLANG_WARN_BOOL_CONVERSION = YES;
				CLANG_WARN_COMMA = YES;
				CLANG_WARN_CONSTANT_CONVERSION = YES;
				CLANG_WARN_DEPRECATED_OBJC_IMPLEMENTATIONS = YES;
				CLANG_WARN_DIRECT_OBJC_ISA_USAGE = YES_ERROR;
				CLANG_WARN_DOCUMENTATION_COMMENTS = YES;
				CLANG_WARN_EMPTY_BODY = YES;
				CLANG_WARN_ENUM_CONVERSION = YES;
				CLANG_WARN_INFINITE_RECURSION = YES;
				CLANG_WARN_INT_CONVERSION = YES;
				CLANG_WARN_NON_LITERAL_NULL_CONVERSION = YES;
				CLANG_WARN_OBJC_IMPLICIT_RETAIN_SELF = YES;
				CLANG_WARN_OBJC_LITERAL_CONVERSION = YES;
				CLANG_WARN_OBJC_ROOT_CLASS = YES_ERROR;
				CLANG_WARN_RANGE_LOOP_ANALYSIS = YES;
				CLANG_WARN_STRICT_PROTOTYPES = YES;
				CLANG_WARN_SUSPICIOUS_MOVE = YES;
				CLANG_WARN_UNGUARDED_AVAILABILITY = YES_AGGRESSIVE;
				CLANG_WARN_UNREACHABLE_CODE = YES;
				CLANG_WARN__DUPLICATE_METHOD_MATCH = YES;
				COPY_PHASE_STRIP = NO;
				DEBUG_INFORMATION_FORMAT = "dwarf-with-dsym";
				ENABLE_NS_ASSERTIONS = NO;
				ENABLE_STRICT_OBJC_MSGSEND = YES;
				GCC_C_LANGUAGE_STANDARD = gnu11;
				GCC_NO_COMMON_BLOCKS = YES;
				GCC_WARN_64_TO_32_BIT_CONVERSION = YES;
				GCC_WARN_ABOUT_RETURN_TYPE = YES_ERROR;
				GCC_WARN_UNDECLARED_SELECTOR = YES;
				GCC_WARN_UNINITIALIZED_AUTOS = YES_AGGRESSIVE;
				GCC_WARN_UNUSED_FUNCTION = YES;
				GCC_WARN_UNUSED_VARIABLE = YES;
				IPHONEOS_DEPLOYMENT_TARGET = 13.6;
				MTL_ENABLE_DEBUG_INFO = NO;
				MTL_FAST_MATH = YES;
				SDKROOT = iphoneos;
				SWIFT_COMPILATION_MODE = wholemodule;
				SWIFT_OPTIMIZATION_LEVEL = "-O";
				VALIDATE_PRODUCT = YES;
			};
			name = Release;
		};
		A44FD1C424C415B600037F7A /* Debug */ = {
			isa = XCBuildConfiguration;
			buildSettings = {
				ASSETCATALOG_COMPILER_APPICON_NAME = AppIcon;
				CODE_SIGN_STYLE = Automatic;
				DEVELOPMENT_TEAM = 6U769Q36UT;
				INFOPLIST_FILE = PageControl/Info.plist;
				LD_RUNPATH_SEARCH_PATHS = (
					"$(inherited)",
					"@executable_path/Frameworks",
				);
				PRODUCT_BUNDLE_IDENTIFIER = com.aaronLab.PageControl;
				PRODUCT_NAME = "$(TARGET_NAME)";
				SWIFT_VERSION = 5.0;
				TARGETED_DEVICE_FAMILY = "1,2";
			};
			name = Debug;
		};
		A44FD1C524C415B600037F7A /* Release */ = {
			isa = XCBuildConfiguration;
			buildSettings = {
				ASSETCATALOG_COMPILER_APPICON_NAME = AppIcon;
				CODE_SIGN_STYLE = Automatic;
				DEVELOPMENT_TEAM = 6U769Q36UT;
				INFOPLIST_FILE = PageControl/Info.plist;
				LD_RUNPATH_SEARCH_PATHS = (
					"$(inherited)",
					"@executable_path/Frameworks",
				);
				PRODUCT_BUNDLE_IDENTIFIER = com.aaronLab.PageControl;
				PRODUCT_NAME = "$(TARGET_NAME)";
				SWIFT_VERSION = 5.0;
				TARGETED_DEVICE_FAMILY = "1,2";
			};
			name = Release;
		};
/* End XCBuildConfiguration section */

/* Begin XCConfigurationList section */
		A44FD1AA24C415B500037F7A /* Build configuration list for PBXProject "PageControl" */ = {
			isa = XCConfigurationList;
			buildConfigurations = (
				A44FD1C124C415B600037F7A /* Debug */,
				A44FD1C224C415B600037F7A /* Release */,
			);
			defaultConfigurationIsVisible = 0;
			defaultConfigurationName = Release;
		};
		A44FD1C324C415B600037F7A /* Build configuration list for PBXNativeTarget "PageControl" */ = {
			isa = XCConfigurationList;
			buildConfigurations = (
				A44FD1C424C415B600037F7A /* Debug */,
				A44FD1C524C415B600037F7A /* Release */,
			);
			defaultConfigurationIsVisible = 0;
			defaultConfigurationName = Release;
		};
/* End XCConfigurationList section */
	};
	rootObject = A44FD1A724C415B500037F7A /* Project object */;
}
