// !$*UTF8*$!
{
	archiveVersion = 1;
	classes = {
	};
	objectVersion = 46;
	objects = {

/* Begin PBXBuildFile section */
		3066B3C544DF6C2012C61FDC /* SceneDelegate.swift in Sources */ = {isa = PBXBuildFile; fileRef = 3066B871769EA381A7C615A9 /* SceneDelegate.swift */; };
		3066B6FFBB057EE9E3120381 /* Assets.xcassets in Resources */ = {isa = PBXBuildFile; fileRef = 3066BB313FE3B7AE1603FA4C /* Assets.xcassets */; };
		3066B7AB32BF209EEF29FE96 /* ContentView.swift in Sources */ = {isa = PBXBuildFile; fileRef = 3066B283E994C854F6F5A231 /* ContentView.swift */; };
		3066BC857B2EF6439DB9252A /* Preview Assets.xcassets in Resources */ = {isa = PBXBuildFile; fileRef = 3066B5542E74E87FB0D50C06 /* Preview Assets.xcassets */; };
		3066BCC49B066861273D5B56 /* AppDelegate.swift in Sources */ = {isa = PBXBuildFile; fileRef = 3066BDB6A01179085E8FF28F /* AppDelegate.swift */; };
		3066BE35382B74290FB4A9B5 /* LaunchScreen.storyboard in Resources */ = {isa = PBXBuildFile; fileRef = 3066B4FEE989647DB7ECECE1 /* LaunchScreen.storyboard */; };
/* End PBXBuildFile section */

/* Begin PBXFileReference section */
		3066B0F6B2EA1DC3F6C488B4 /* Info.plist */ = {isa = PBXFileReference; lastKnownFileType = text.plist.info; path = Info.plist; sourceTree = "<group>"; };
		3066B283E994C854F6F5A231 /* ContentView.swift */ = {isa = PBXFileReference; lastKnownFileType = sourcecode.swift; path = ContentView.swift; sourceTree = "<group>"; };
		3066B5542E74E87FB0D50C06 /* Preview Assets.xcassets */ = {isa = PBXFileReference; lastKnownFileType = folder.assetcatalog; path = "Preview Assets.xcassets"; sourceTree = "<group>"; };
		3066B871769EA381A7C615A9 /* SceneDelegate.swift */ = {isa = PBXFileReference; lastKnownFileType = sourcecode.swift; path = SceneDelegate.swift; sourceTree = "<group>"; };
		3066BA1C5DC0479957757A01 /* Base */ = {isa = PBXFileReference; lastKnownFileType = file.storyboard; name = Base; path = Base.lproj/LaunchScreen.storyboard; sourceTree = "<group>"; };
		3066BA9B9B42EE5E9F5BD4E9 /* TestAppCode.app */ = {isa = PBXFileReference; explicitFileType = wrapper.application; includeInIndex = 0; path = TestAppCode.app; sourceTree = BUILT_PRODUCTS_DIR; };
		3066BB313FE3B7AE1603FA4C /* Assets.xcassets */ = {isa = PBXFileReference; lastKnownFileType = folder.assetcatalog; path = Assets.xcassets; sourceTree = "<group>"; };
		3066BDB6A01179085E8FF28F /* AppDelegate.swift */ = {isa = PBXFileReference; lastKnownFileType = sourcecode.swift; path = AppDelegate.swift; sourceTree = "<group>"; };
/* End PBXFileReference section */

/* Begin PBXFrameworksBuildPhase section */
		3066B0C239E9B78F9955FEDF /* Frameworks */ = {
			isa = PBXFrameworksBuildPhase;
			buildActionMask = 2147483647;
			files = (
			);
			runOnlyForDeploymentPostprocessing = 0;
		};
/* End PBXFrameworksBuildPhase section */

/* Begin PBXGroup section */
		3066B6574997B76D9D1F2B58 /* Preview Content */ = {
			isa = PBXGroup;
			children = (
				3066B5542E74E87FB0D50C06 /* Preview Assets.xcassets */,
			);
			path = "Preview Content";
			sourceTree = "<group>";
		};
		3066B7F8AE19C85E3D2B1A75 /* TestAppCode */ = {
			isa = PBXGroup;
			children = (
				3066B0F6B2EA1DC3F6C488B4 /* Info.plist */,
				3066BB313FE3B7AE1603FA4C /* Assets.xcassets */,
				3066BDB6A01179085E8FF28F /* AppDelegate.swift */,
				3066B4FEE989647DB7ECECE1 /* LaunchScreen.storyboard */,
				3066B283E994C854F6F5A231 /* ContentView.swift */,
				3066B871769EA381A7C615A9 /* SceneDelegate.swift */,
				3066B6574997B76D9D1F2B58 /* Preview Content */,
			);
			path = TestAppCode;
			sourceTree = "<group>";
		};
		3066B86015A2B7CA70A20F04 /* Products */ = {
			isa = PBXGroup;
			children = (
				3066BA9B9B42EE5E9F5BD4E9 /* TestAppCode.app */,
			);
			name = Products;
			sourceTree = "<group>";
		};
		3066B8F83528C38364F32223 = {
			isa = PBXGroup;
			children = (
				3066B86015A2B7CA70A20F04 /* Products */,
				3066B7F8AE19C85E3D2B1A75 /* TestAppCode */,
			);
			sourceTree = "<group>";
		};
/* End PBXGroup section */

/* Begin PBXNativeTarget section */
		3066BA91CC4D9BB60BA4F986 /* TestAppCode */ = {
			isa = PBXNativeTarget;
			buildConfigurationList = 3066BBBAC73CE059CAB2ED60 /* Build configuration list for PBXNativeTarget "TestAppCode" */;
			buildPhases = (
				3066B0F047F01B7332C78B09 /* Sources */,
				3066B0C239E9B78F9955FEDF /* Frameworks */,
				3066BAD7812A27126A4E2CC6 /* Resources */,
			);
			buildRules = (
			);
			dependencies = (
			);
			name = TestAppCode;
			productName = TestAppCode;
			productReference = 3066BA9B9B42EE5E9F5BD4E9 /* TestAppCode.app */;
			productType = "com.apple.product-type.application";
		};
/* End PBXNativeTarget section */

/* Begin PBXProject section */
		3066B10D021EE040C4F1CD2B /* Project object */ = {
			isa = PBXProject;
			buildConfigurationList = 3066B09B00F5C7BFDF011B0D /* Build configuration list for PBXProject "TestAppCode" */;
			compatibilityVersion = "Xcode 3.2";
			developmentRegion = English;
			hasScannedForEncodings = 0;
			knownRegions = (
				en,
			);
			mainGroup = 3066B8F83528C38364F32223;
			productRefGroup = 3066B86015A2B7CA70A20F04 /* Products */;
			projectDirPath = "";
			projectRoot = "";
			targets = (
				3066BA91CC4D9BB60BA4F986 /* TestAppCode */,
			);
		};
/* End PBXProject section */

/* Begin PBXResourcesBuildPhase section */
		3066BAD7812A27126A4E2CC6 /* Resources */ = {
			isa = PBXResourcesBuildPhase;
			buildActionMask = 2147483647;
			files = (
				3066B6FFBB057EE9E3120381 /* Assets.xcassets in Resources */,
				3066BE35382B74290FB4A9B5 /* LaunchScreen.storyboard in Resources */,
				3066BC857B2EF6439DB9252A /* Preview Assets.xcassets in Resources */,
			);
			runOnlyForDeploymentPostprocessing = 0;
		};
/* End PBXResourcesBuildPhase section */

/* Begin PBXSourcesBuildPhase section */
		3066B0F047F01B7332C78B09 /* Sources */ = {
			isa = PBXSourcesBuildPhase;
			buildActionMask = 2147483647;
			files = (
				3066BCC49B066861273D5B56 /* AppDelegate.swift in Sources */,
				3066B7AB32BF209EEF29FE96 /* ContentView.swift in Sources */,
				3066B3C544DF6C2012C61FDC /* SceneDelegate.swift in Sources */,
			);
			runOnlyForDeploymentPostprocessing = 0;
		};
/* End PBXSourcesBuildPhase section */

/* Begin PBXVariantGroup section */
		3066B4FEE989647DB7ECECE1 /* LaunchScreen.storyboard */ = {
			isa = PBXVariantGroup;
			children = (
				3066BA1C5DC0479957757A01 /* Base */,
			);
			name = LaunchScreen.storyboard;
			sourceTree = "<group>";
		};
/* End PBXVariantGroup section */

/* Begin XCBuildConfiguration section */
		3066B1BD35D825B709BD5D99 /* Release */ = {
			isa = XCBuildConfiguration;
			buildSettings = {
				ASSETCATALOG_COMPILER_APPICON_NAME = AppIcon;
				ASSETCATALOG_COMPILER_GLOBAL_ACCENT_COLOR_NAME = AccentColor;
				DEVELOPMENT_ASSET_PATHS = "\"TestAppCode/Preview Content\"";
				ENABLE_PREVIEWS = YES;
				INFOPLIST_FILE = TestAppCode/Info.plist;
				LD_RUNPATH_SEARCH_PATHS = "$(inherited) @executable_path/Frameworks";
				PRODUCT_BUNDLE_IDENTIFIER = net.aaronlab.TestAppCode;
				PRODUCT_NAME = "$(TARGET_NAME)";
				SWIFT_VERSION = 5.0;
				TARGETED_DEVICE_FAMILY = "1,2";
			};
			name = Release;
		};
		3066B52C7989480679E8E3CA /* Release */ = {
			isa = XCBuildConfiguration;
			buildSettings = {
				ALWAYS_SEARCH_USER_PATHS = NO;
				CLANG_ANALYZER_NONNULL = YES;
				CLANG_ANALYZER_NUMBER_OBJECT_CONVERSION = YES_AGGRESSIVE;
				CLANG_CXX_LANGUAGE_STANDARD = "gnu++14";
				CLANG_CXX_LIBRARY = "libc++";
				CLANG_ENABLE_MODULES = YES;
				CLANG_ENABLE_OBJC_ARC = YES;
				CLANG_ENABLE_OBJC_WEAK = YES;
				CLANG_WARN_BLOCK_CAPTURE_AUTORELEASING = YES;
				CLANG_WARN_BOOL_CONVERSION = YES;
				CLANG_WARN_COMMA = YES;
				CLANG_WARN_CONSTANT_CONVERSION = YES;
				CLANG_WARN_DEPRECATED_OBJC_IMPLEMENTATIONS = YES;
				CLANG_WARN_DIRECT_OBJC_ISA_USAGE = YES_ERROR;
				CLANG_WARN_DOCUMENTATION_COMMENTS = YES;
				CLANG_WARN_EMPTY_BODY = YES;
				CLANG_WARN_ENUM_CONVERSION = YES;
				CLANG_WARN_INFINITE_RECURSION = YES;
				CLANG_WARN_INT_CONVERSION = YES;
				CLANG_WARN_NON_LITERAL_NULL_CONVERSION = YES;
				CLANG_WARN_OBJC_IMPLICIT_RETAIN_SELF = YES;
				CLANG_WARN_OBJC_LITERAL_CONVERSION = YES;
				CLANG_WARN_OBJC_ROOT_CLASS = YES_ERROR;
				CLANG_WARN_QUOTED_INCLUDE_IN_FRAMEWORK_HEADER = YES;
				CLANG_WARN_RANGE_LOOP_ANALYSIS = YES;
				CLANG_WARN_STRICT_PROTOTYPES = YES;
				CLANG_WARN_SUSPICIOUS_MOVE = YES;
				CLANG_WARN_UNGUARDED_AVAILABILITY = YES_AGGRESSIVE;
				CLANG_WARN_UNREACHABLE_CODE = YES;
				CLANG_WARN__DUPLICATE_METHOD_MATCH = YES;
				COPY_PHASE_STRIP = NO;
				DEBUG_INFORMATION_FORMAT = "dwarf-with-dsym";
				ENABLE_NS_ASSERTIONS = NO;
				ENABLE_STRICT_OBJC_MSGSEND = YES;
				GCC_C_LANGUAGE_STANDARD = gnu11;
				GCC_NO_COMMON_BLOCKS = YES;
				GCC_WARN_64_TO_32_BIT_CONVERSION = YES;
				GCC_WARN_ABOUT_RETURN_TYPE = YES_ERROR;
				GCC_WARN_UNDECLARED_SELECTOR = YES;
				GCC_WARN_UNINITIALIZED_AUTOS = YES_AGGRESSIVE;
				GCC_WARN_UNUSED_FUNCTION = YES;
				GCC_WARN_UNUSED_VARIABLE = YES;
				IPHONEOS_DEPLOYMENT_TARGET = 14.2;
				MTL_ENABLE_DEBUG_INFO = NO;
				MTL_FAST_MATH = YES;
				SDKROOT = iphoneos;
				SWIFT_COMPILATION_MODE = wholemodule;
				SWIFT_OPTIMIZATION_LEVEL = "-O";
				VALIDATE_PRODUCT = YES;
			};
			name = Release;
		};
		3066BE452B53572B8FBAAC65 /* Debug */ = {
			isa = XCBuildConfiguration;
			buildSettings = {
				ALWAYS_SEARCH_USER_PATHS = NO;
				CLANG_ANALYZER_NONNULL = YES;
				CLANG_ANALYZER_NUMBER_OBJECT_CONVERSION = YES_AGGRESSIVE;
				CLANG_CXX_LANGUAGE_STANDARD = "gnu++14";
				CLANG_CXX_LIBRARY = "libc++";
				CLANG_ENABLE_MODULES = YES;
				CLANG_ENABLE_OBJC_ARC = YES;
				CLANG_ENABLE_OBJC_WEAK = YES;
				CLANG_WARN_BLOCK_CAPTURE_AUTORELEASING = YES;
				CLANG_WARN_BOOL_CONVERSION = YES;
				CLANG_WARN_COMMA = YES;
				CLANG_WARN_CONSTANT_CONVERSION = YES;
				CLANG_WARN_DEPRECATED_OBJC_IMPLEMENTATIONS = YES;
				CLANG_WARN_DIRECT_OBJC_ISA_USAGE = YES_ERROR;
				CLANG_WARN_DOCUMENTATION_COMMENTS = YES;
				CLANG_WARN_EMPTY_BODY = YES;
				CLANG_WARN_ENUM_CONVERSION = YES;
				CLANG_WARN_INFINITE_RECURSION = YES;
				CLANG_WARN_INT_CONVERSION = YES;
				CLANG_WARN_NON_LITERAL_NULL_CONVERSION = YES;
				CLANG_WARN_OBJC_IMPLICIT_RETAIN_SELF = YES;
				CLANG_WARN_OBJC_LITERAL_CONVERSION = YES;
				CLANG_WARN_OBJC_ROOT_CLASS = YES_ERROR;
				CLANG_WARN_QUOTED_INCLUDE_IN_FRAMEWORK_HEADER = YES;
				CLANG_WARN_RANGE_LOOP_ANALYSIS = YES;
				CLANG_WARN_STRICT_PROTOTYPES = YES;
				CLANG_WARN_SUSPICIOUS_MOVE = YES;
				CLANG_WARN_UNGUARDED_AVAILABILITY = YES_AGGRESSIVE;
				CLANG_WARN_UNREACHABLE_CODE = YES;
				CLANG_WARN__DUPLICATE_METHOD_MATCH = YES;
				COPY_PHASE_STRIP = NO;
				DEBUG_INFORMATION_FORMAT = dwarf;
				ENABLE_STRICT_OBJC_MSGSEND = YES;
				ENABLE_TESTABILITY = YES;
				GCC_C_LANGUAGE_STANDARD = gnu11;
				GCC_DYNAMIC_NO_PIC = NO;
				GCC_NO_COMMON_BLOCKS = YES;
				GCC_OPTIMIZATION_LEVEL = 0;
				GCC_PREPROCESSOR_DEFINITIONS = (
					"DEBUG=1",
					"$(inherited)",
				);
				GCC_WARN_64_TO_32_BIT_CONVERSION = YES;
				GCC_WARN_ABOUT_RETURN_TYPE = YES_ERROR;
				GCC_WARN_UNDECLARED_SELECTOR = YES;
				GCC_WARN_UNINITIALIZED_AUTOS = YES_AGGRESSIVE;
				GCC_WARN_UNUSED_FUNCTION = YES;
				GCC_WARN_UNUSED_VARIABLE = YES;
				IPHONEOS_DEPLOYMENT_TARGET = 14.2;
				MTL_ENABLE_DEBUG_INFO = INCLUDE_SOURCE;
				MTL_FAST_MATH = YES;
				ONLY_ACTIVE_ARCH = YES;
				SDKROOT = iphoneos;
				SWIFT_ACTIVE_COMPILATION_CONDITIONS = DEBUG;
				SWIFT_OPTIMIZATION_LEVEL = "-Onone";
			};
			name = Debug;
		};
		3066BED7AEC2036CF8562EEE /* Debug */ = {
			isa = XCBuildConfiguration;
			buildSettings = {
				ASSETCATALOG_COMPILER_APPICON_NAME = AppIcon;
				ASSETCATALOG_COMPILER_GLOBAL_ACCENT_COLOR_NAME = AccentColor;
				DEVELOPMENT_ASSET_PATHS = "\"TestAppCode/Preview Content\"";
				ENABLE_PREVIEWS = YES;
				INFOPLIST_FILE = TestAppCode/Info.plist;
				LD_RUNPATH_SEARCH_PATHS = "$(inherited) @executable_path/Frameworks";
				PRODUCT_BUNDLE_IDENTIFIER = net.aaronlab.TestAppCode;
				PRODUCT_NAME = "$(TARGET_NAME)";
				SWIFT_VERSION = 5.0;
				TARGETED_DEVICE_FAMILY = "1,2";
			};
			name = Debug;
		};
/* End XCBuildConfiguration section */

/* Begin XCConfigurationList section */
		3066B09B00F5C7BFDF011B0D /* Build configuration list for PBXProject "TestAppCode" */ = {
			isa = XCConfigurationList;
			buildConfigurations = (
				3066BE452B53572B8FBAAC65 /* Debug */,
				3066B52C7989480679E8E3CA /* Release */,
			);
			defaultConfigurationIsVisible = 0;
			defaultConfigurationName = Release;
		};
		3066BBBAC73CE059CAB2ED60 /* Build configuration list for PBXNativeTarget "TestAppCode" */ = {
			isa = XCConfigurationList;
			buildConfigurations = (
				3066BED7AEC2036CF8562EEE /* Debug */,
				3066B1BD35D825B709BD5D99 /* Release */,
			);
			defaultConfigurationIsVisible = 0;
		};
/* End XCConfigurationList section */
	};
	rootObject = 3066B10D021EE040C4F1CD2B /* Project object */;
}
